{
  "protocols": {
    "Auction": {
      "version": "0.1.0",
      "fingerprints": {
        "structureHash": "bf9331bdeed035dd5199e3054e8fc23de4fafb00e62742cdaea9b295be352394",
        "schemaHash": "94e14fc869c90741f844af7799959f8b86663f3f944517d294e214ee02507c48",
        "implHash": "c84b917049acb06a3df31ca3dd26e7c99c5b320c53c45388819833da3aba7ab5"
      }
    }
  },
  "roles": {
    "SellerRole": {
      "version": "0.1.0",
      "fingerprints": {
        "playsHash": "d4ee4cc8fa0f1a58fcbcf50ea1feb5522aac2db2ef9cf32e46ea1687380862fd",
        "behaviorHash": "e1b537472e593fd6ea913513dbc2191b7b9a9a4f8ca9e8ebe69eec17f9eabf91"
      }
    },
    "BuyerRole": {
      "version": "0.1.0",
      "fingerprints": {
        "playsHash": "fec34e1a0fe95cb1bcd5f9efb0ded32bd8e5c8747f1d5480425d010f479c6cee",
        "behaviorHash": "e1b537472e593fd6ea913513dbc2191b7b9a9a4f8ca9e8ebe69eec17f9eabf91"
      }
    }
  }
}
