{
  "protocols": {
    "TaskExecution": {
      "version": "9.0.0",
      "fingerprints": {
        "structureHash": "c3a7cde66db7cce1dd9e3fef6be0308729a309c08272c84c80770c19348d018c",
        "schemaHash": "3ff741769ea2af2c94ab665342ce44cb8474c89539c481b8ab462ceb042038e8",
        "implHash": "78fbdc420e8fdc23cd0da9d1014606c82b94c38c438bdb9ad80315c081f1c38e"
      }
    },
    "TaskExecutionBasic": {
      "version": "0.1.1",
      "fingerprints": {
        "structureHash": "01911d35016f64476a575e146f41948fa59adc9a34017698af0ca82ae289281f",
        "schemaHash": "21b81feb8eddceb596f9a7440f752f4c88125168661be87c564d13c0cdcb6031",
        "implHash": "63e043d7a9408408361fe1d4d1d2cfe95d83c2a9fb6ac559fbc965d86517acdc"
      }
    },
    "AwaitTimeoutAlt": {
      "version": "0.1.1",
      "fingerprints": {
        "structureHash": "187718fdb749868ce2f3681150042183a46dd9a521e9a49661c771c25fb2506b",
        "schemaHash": "b4b468dce867d440078b91f987672e1805f52e137ceff63f2831c6edd844739a",
        "implHash": "d6ddcc64e2c39c70b911b87aad1160aff7df6fe324656e5563dc2880304bf192"
      }
    },
    "LoopRetryBackoff": {
      "version": "0.1.1",
      "fingerprints": {
        "structureHash": "2ea8954286b26f2a65ac1d2a25694970a5e9053f5aef2b3df30f2c61309aab39",
        "schemaHash": "5ebe31072521e3c4474d0f41799505f02356d47a777afa2172a43667271b5092",
        "implHash": "a1b60d62ceaec48c1aa969f09ad12560d073835be87f6b42e54d0e91e32f4f08"
      }
    },
    "ParallelSubtasks": {
      "version": "0.1.1",
      "fingerprints": {
        "structureHash": "2af9f94636f6a2684b14de86e3f3f64df508aee6eae4b5b7429017580f1ea88e",
        "schemaHash": "8c6125df20a1350af9420d644cbbbbd5947228645c78e88869e9d0802390ca82",
        "implHash": "eed5c6b38cc1ce01e0ea9bcf3cf780cec489bf4165cb2f3cb104d607739c4d45"
      }
    },
    "SpawnSubagent": {
      "version": "1.0.0",
      "fingerprints": {
        "structureHash": "6b14995e4a59492fd314d347ab33dfbbcfd7ae98909509d54377aa895e50f896",
        "schemaHash": "ca75649d048071f4cb9be62fd6dfcb215a27c49372760d1a8f687d15aa1f8401",
        "implHash": "3e6ba96b27946a1dd56f79350e6d5bf33253f491c53be0b50a77f2025635bf3b"
      }
    },
    "ExceptionAbortCompensate": {
      "version": "0.1.1",
      "fingerprints": {
        "structureHash": "2bc8e2c15f614b399259f76c5c68ad4d8fe8e25def311af4ac33798f8e827235",
        "schemaHash": "8bf1024eb317a7ace61eb76c1e56b8284dc865164354a9740bfb996078bc57a5",
        "implHash": "8ee5109e713211911090753ab5f5e0653570bcd8b292a266141908484adaa51e"
      }
    },
    "DeriveDsiBsi": {
      "version": "0.1.0",
      "fingerprints": {
        "structureHash": "075bd4a0778079275c6c058cacf873254a679da9b91628582022e94e29d02541",
        "schemaHash": "e3b0c44298fc1c149afbf4c8996fb92427ae41e4649b934ca495991b7852b855",
        "implHash": "5b41dd44480c7ea9ffe4d0da0a33bc53f0c393ea344504773293ed8c88cfd8a3"
      }
    },
    "TaskExecutionWithChild": {
      "version": "1.0.0",
      "fingerprints": {
        "structureHash": "48da8691f087259a9085fdd7f50c48acaaff36bea0bc9ebf67d4a247d8196f2b",
        "schemaHash": "3ff741769ea2af2c94ab665342ce44cb8474c89539c481b8ab462ceb042038e8",
        "implHash": "309ba36bc1b2b8a476274428a18d973f4bb7a3c1ff289797a445683e31eda26b"
      }
    },
    "TaskExecutionWithImport": {
      "version": "1.0.0",
      "fingerprints": {
        "structureHash": "bd99dd93a6a809acdf9222d428835b4cb9226e08ebf15ceb9f2ff022d6baa9e1",
        "schemaHash": "3ff741769ea2af2c94ab665342ce44cb8474c89539c481b8ab462ceb042038e8",
        "implHash": "f6648266e12006b8a8825bbaa820a04c7130245d9478716b7bbf828851984fdf"
      }
    },
    "TaskExecutionWithMultipartyChild": {
      "version": "1.0.0",
      "fingerprints": {
        "structureHash": "c1a7cc05799b03c19b9b5971f48bb9f5e67f146d685705abcdc2507f4d59ed97",
        "schemaHash": "aa9cda3f6da6cbebfb2ae776e859bada96fdec5699c9336bcf3c285d8d25725b",
        "implHash": "58b64a42b69ee62b0e358e9215647575a220de30ad161c1b92adac838de04bf2"
      }
    },
    "TaskExecutionFromEvent": {
      "version": "0.1.1",
      "fingerprints": {
        "structureHash": "69ec8a761b17e1f3d42db3164218c7522780965493d9b9e0cedff2140401fee9",
        "schemaHash": "c94ac52370720d4b20dbb262a6c149223fc9374e3c0e119c19940183369c07bf",
        "implHash": "9654fc2b667a1381ddc5867f5180e3bfa1b72f5713edbf44ff59ceeba28295a3"
      }
    },
    "CommaAsksLlmAndReplies": {
      "version": "0.1.1",
      "fingerprints": {
        "structureHash": "281a2907069d9761f9a93db238b6bc22d4776651b6c5003df265fcad0fba9077",
        "schemaHash": "7e381ea1bf16b01c0308a63e3303e82e6bc9aa580e295e95472b7e604a73b606",
        "implHash": "8786f6ae04fe32a0f1c7d115b3f132e575cdf773474e0bb3b6460167d0119023"
      }
    },
    "HealthCheck": {
      "version": "14.0.0",
      "fingerprints": {
        "structureHash": "6c863f0544ad814ed299a27a261f689f3c22ba4e62bc781019a472e9e2604439",
        "schemaHash": "4ab1b58940301b8acd55f43b1bcbbdfaccf4159a4ee2bb684afb9d11e9404018",
        "implHash": "15aefc1748b94b3dac9994de362b1147671e0888605dd2777dd214dd37bfda51"
      }
    },
    "CrossLangDemo": {
      "version": "0.1.1",
      "fingerprints": {
        "structureHash": "71d823292c9af46ae6c5c796708c1053f5720a139f266a51aba596460ade1e2f",
        "schemaHash": "91225ee290ec3a9e58f6c2fb33891c67fdd0b0fdcc32dd20c5a7d288faed99fc",
        "implHash": "4c59249489bf8fa91209c43bb208eb007d95bd05326a7f0f15f50a0227ab4138"
      }
    },
    "TsDemo": {
      "version": "0.1.1",
      "fingerprints": {
        "structureHash": "75f0826ac56456b4caa3b7a9e52fcea5e63d8fe0757b3dfc85bdf7d3311f3463",
        "schemaHash": "91225ee290ec3a9e58f6c2fb33891c67fdd0b0fdcc32dd20c5a7d288faed99fc",
        "implHash": "06899aba20de5cfd265d68765b1afec1fad3abd29c40c710a573438a69b1d48f"
      }
    },
    "LoopWaitDemo": {
      "version": "0.1.0",
      "fingerprints": {
        "structureHash": "32b611bcf1aed8a2071bebbe0e9a49f48ade4eaefb78468d8233d4a8ab8a6d18",
        "schemaHash": "8b388792b6e99d4cc071c0e21653a3c70a550ac008ae13dbd50897689c689a49",
        "implHash": "11872d568bfb6f62cbf32740927a58cf6d7a3f46378ef935a852ba0aec39faa8"
      }
    },
    "ParDemo": {
      "version": "0.1.1",
      "fingerprints": {
        "structureHash": "d2fac41295cf2a6bdce86f98b25c172f74e575ae23267e1a9054fca96f2734ea",
        "schemaHash": "c4f91c4ce4cb60ad11853016042bc74c93236aab14f530e7602457fb53bfbe4a",
        "implHash": "b7140f33582a82db2841d00bea7e5bf3315745c68aa275fa5367639798527529"
      }
    },
    "TryCatchDemo": {
      "version": "0.1.1",
      "fingerprints": {
        "structureHash": "bcee1b17024896cdc164d157cfc12b2cf33be88a9572b5eee8723daeaf024068",
        "schemaHash": "5f820fe374633d60719ae594bc675b225a0bfaf011f72203bd1f8857a096e135",
        "implHash": "8574c7861f088802b5fb8bc5bcf3b8944d20a27c0829c0d0fa0b2a18d99419e4"
      }
    },
    "ComputeSquare": {
      "version": "0.1.0",
      "fingerprints": {
        "structureHash": "f80c2de181c1fe0c44f9ddad622b67a344552d3676b560c48dc7679ef687fa5c",
        "schemaHash": "e3b0c44298fc1c149afbf4c8996fb92427ae41e4649b934ca495991b7852b855",
        "implHash": "0c345ec1100054ce1ac45d7131deb38322b558ad59ee407caeb00fb3a1bfe137"
      }
    },
    "InvokeDemo": {
      "version": "0.1.1",
      "fingerprints": {
        "structureHash": "4a061b1a788075f188c4d94ace03e9ad338a65e95430c16a10dcbca7671528c1",
        "schemaHash": "38619be48e8c92713d985a46f3a64c2d864543de5ddcf289f0024992d97e89f1",
        "implHash": "443c7195f8628169e0b14967a590ed2b7d1c1a18d2b6f41281a5c818dc9af0f2"
      }
    },
    "BackgroundTask": {
      "version": "0.1.0",
      "fingerprints": {
        "structureHash": "f80c2de181c1fe0c44f9ddad622b67a344552d3676b560c48dc7679ef687fa5c",
        "schemaHash": "e3b0c44298fc1c149afbf4c8996fb92427ae41e4649b934ca495991b7852b855",
        "implHash": "6d3463704f7692d057e903023b59edd1b4710a406f60a7825318ec849f8c828b"
      }
    },
    "SpawnEmitDemo": {
      "version": "1.0.0",
      "fingerprints": {
        "structureHash": "ad5738fcf15bf4729881cd95cb007215b03b1ba5308efa8707ca5d7669da38d6",
        "schemaHash": "9697e5f70fda03c84bdca3be81d2820c296901e4625f462fe3d238731765b440",
        "implHash": "8c52cc8e925e02a180cf7a0f372872be685b61281be42e080ff726119bbc8615"
      }
    },
    "CrossLangE2E": {
      "version": "0.1.1",
      "fingerprints": {
        "structureHash": "195cb71074986958fd07361ca1978163ba2c008a8c1e48db32394507b6bbf4af",
        "schemaHash": "a89f7e4dd65f1129a20f16db3ba04c04e36c3a75df9ccc5c85d7e583322eec10",
        "implHash": "0da0f3257eaec0619247da9817066c06519771fa6292612e0331de2719d8849c"
      }
    },
    "TaskProcessing": {
      "version": "9.0.0",
      "fingerprints": {
        "structureHash": "34e75a52967bea85a7eaea875a13756c2ca39b44e69781293d89238348e70de4",
        "schemaHash": "62a3629ef9e82183f520e42d013626129661bc6d239e4699136e8d24f7548524",
        "implHash": "4ca79f23158aa56a877d81140069e6e832a9c7552339ef14f1a2a9997bed9295"
      }
    },
    "ScatterGather": {
      "version": "2.0.0",
      "fingerprints": {
        "structureHash": "4b9e863f4df99647b8c8bac1655b21959d44f14bde2290d38d229977b3e57521",
        "schemaHash": "8c6125df20a1350af9420d644cbbbbd5947228645c78e88869e9d0802390ca82",
        "implHash": "6a6eeaebc1c8a1e6395cda7152f0d6b8e2960a9a01296da87902be7f37585c2f"
      }
    },
    "CallForProposal": {
      "version": "2.0.0",
      "fingerprints": {
        "structureHash": "0cbef6149253f314e3ba8e18a3062278a7a8527744d2fb95faf6edcc4598abb5",
        "schemaHash": "4f9f4b174f28486e6e78bfc899421efbbca51c77b7407c7a13f4f41e7d5bd324",
        "implHash": "df6fdf958488e632e9684efb656438dd99b85d67a0135c3aaa6b145452fcaeb4"
      }
    },
    "TaskExecutionLegacy": {
      "version": "0.1.1",
      "fingerprints": {
        "structureHash": "01911d35016f64476a575e146f41948fa59adc9a34017698af0ca82ae289281f",
        "schemaHash": "21b81feb8eddceb596f9a7440f752f4c88125168661be87c564d13c0cdcb6031",
        "implHash": "29dcfca63652a985ae678e2006127aaec844e84cf23e05c70f89275e1fb3fc44"
      }
    },
    "TickCycle": {
      "version": "0.1.0",
      "fingerprints": {
        "structureHash": "423a3610183cbb0a4b8281ae6eb95e241d6f89793c0d737f25b91525b1aeef9f",
        "schemaHash": "b3670adca07f8fb877caac8ff31ae8d1b3f2eb6adc675fa95bc36d52bac42f85",
        "implHash": "b4144d788da86c4b1e8d5dd61cc5d3eb519a562db35fd97e30f75cb4063994b8"
      }
    },
    "ExploreRegion": {
      "version": "0.1.0",
      "fingerprints": {
        "structureHash": "5f65a0f864c70a2aff85d16e0cd0070f0b64200721194ab7234647ec98866455",
        "schemaHash": "cbc767ec08fdc6947227e56849704fe2455e7097378e2834ff742b42d4c4d35f",
        "implHash": "d42a3a3bf345b032a8d13e70545892ef171d57b0e902470f30bd0edfd11df364"
      }
    },
    "CollectResource": {
      "version": "0.1.0",
      "fingerprints": {
        "structureHash": "d792b80a1579c568815a4377f0f25bad4500fca9f958d9ac426fdbb0b43bf97f",
        "schemaHash": "4a44255e6379a720828556ac501560561f1c6a9490b5a47f946a1d603fbe4007",
        "implHash": "aa3dcbb2a6e2d76c144e1bc3d617d60b00b2af937c3d51c22e222545ab9e4353"
      }
    },
    "TeamStrategy": {
      "version": "0.1.0",
      "fingerprints": {
        "structureHash": "789f40363275402a3837d410f0fe9d75087247cd28b8c8c54436e314c0b1519f",
        "schemaHash": "e3b0c44298fc1c149afbf4c8996fb92427ae41e4649b934ca495991b7852b855",
        "implHash": "e1fc46ec7e6cb647e5b56ac6e073b6c8038b2e563c66a011ce2bf271a8fd02aa"
      }
    },
    "DefendPosition": {
      "version": "0.1.0",
      "fingerprints": {
        "structureHash": "88acd65d233ed1ec98df144306eedcfd0151bd7b5348d03852fe62376f73683c",
        "schemaHash": "c3ab4ee228287dc80d44cd7ee44819293e0b1ddd0cefcf8648cb7e0800145286",
        "implHash": "e29aa5f515051af42cfb39ec11329c1935af4697671af90e434110cd10ea6d6d"
      }
    },
    "SurvivalOverride": {
      "version": "0.1.0",
      "fingerprints": {
        "structureHash": "f1e5883192a3b5ff4fc43c0eb331cd3c9f5e18d33b9cad5af40a25e536902c34",
        "schemaHash": "a02bc79e78cdfc4caa242a3f6f53ea1126b8de205f5bd701b670ebb192524b73",
        "implHash": "c8c7b3990a7baf3002ad71b2e13a1b8e0f695e5907aafa6210d484b692df1026"
      }
    }
  },
  "roles": {
    "CommaRole": {
      "version": "9.0.0",
      "fingerprints": {
        "playsHash": "c1ebfa09d085bb379a098f050b87cf4193b64714849da7c36480462d18cdc6da",
        "behaviorHash": "6c9a6242fca2132097085defabab7de2d62f526f498be33d020ef4d1c8ea4c4a"
      }
    },
    "SiaRole": {
      "version": "0.1.0",
      "fingerprints": {
        "playsHash": "72a38df7df09a01c41673fff3ffe5ccd0fa04ce43a45ae345acb789489873124",
        "behaviorHash": "90d1d22e125fdbed9a3af8dc227859c7d65a22e6f61a23a44c9bf8360e17026a"
      }
    },
    "BrowserRole": {
      "version": "0.1.0",
      "fingerprints": {
        "playsHash": "364697cca901b3e5495397d4392aeb599a892842445a4c896294a0af84b622c1",
        "behaviorHash": "7351d94cc4999ec93355245432dd7df7da23c97bd99c8ca3144d5127aa8fe434"
      }
    },
    "ServerRole": {
      "version": "0.1.0",
      "fingerprints": {
        "playsHash": "ffae5e4eb427281db1647e580311fe44a7a036dbd1fd20b04a5fb5bf29c38c00",
        "behaviorHash": "755d69279f7cc97360f317ce0d189cb20b39ffab1f60d3252f985094a44c16a2"
      }
    },
    "ClientRole": {
      "version": "9.0.0",
      "fingerprints": {
        "playsHash": "b76f597652948f594cc416cc68440db056a7ab1fcb88941d40a88baca107c85d",
        "behaviorHash": "1d94d231fa3a852cb62d7479767f8b0ba72d50c2f14841c94594c9e1cc10ae1b"
      }
    },
    "HandlerRole": {
      "version": "0.1.0",
      "fingerprints": {
        "playsHash": "cc68444ce3f3dbbd7941ecb8c07997420586ac4039b50d3a0e47e14fb9eaeb0a",
        "behaviorHash": "730827edea47fb29bc679948c4ee401e1bfd419681a83ec8b2258299db79c10b"
      }
    },
    "PollerRole": {
      "version": "0.1.0",
      "fingerprints": {
        "playsHash": "73aac3a9a045c5a8640a47f6384e87b00fb6c278296ddcb5fc7f2b1c14ac6a72",
        "behaviorHash": "aa1484be716c8e03845643fc31bcbaf57d16ad58280313be37a65c50579a9f31"
      }
    },
    "ResponderRole": {
      "version": "9.0.0",
      "fingerprints": {
        "playsHash": "a510b51c13195b0bac9860cc7e98443422e6fa788519adf2ec959b6cc11fbd0c",
        "behaviorHash": "11631f9d8327d6f9c838c87381a0fed56b47569a43561372fa164294f1dc166b"
      }
    },
    "CoordinatorRole": {
      "version": "10.0.0",
      "fingerprints": {
        "playsHash": "ce296cb2d6edeb3ca7f91bdf2349d5881fd8b1485f5d1cdc77e7110e45e58ff3",
        "behaviorHash": "995b644300b189b4641ffd1df5e563f14cd2a0ceeeb1133c867698328de1ca21"
      }
    },
    "WorkerARole": {
      "version": "0.1.0",
      "fingerprints": {
        "playsHash": "04d8e3527d9eb76442a1cb3bb6fa1061d1a9792852ad1be656517bac28cbd2f8",
        "behaviorHash": "2dedb6e4e9d2db514e5b44f18adff9db8805956e9c1b1202b7bfa8c136b8b022"
      }
    },
    "WorkerBRole": {
      "version": "0.1.0",
      "fingerprints": {
        "playsHash": "3cf948aa5cf6313b43a1986be0eaa2c0e4ece7bcc54ae39030ea4a42226ab57e",
        "behaviorHash": "2dedb6e4e9d2db514e5b44f18adff9db8805956e9c1b1202b7bfa8c136b8b022"
      }
    },
    "SenderRole": {
      "version": "0.1.0",
      "fingerprints": {
        "playsHash": "3361a2c04f60901572c10bbeda66db860ceec56385beef34fbba39ce24f418c3",
        "behaviorHash": "f7154e029490bf5da3b6c2934eb6bcd1e5283bb0d22b0e131362aaabbbda98c0"
      }
    },
    "ProcessorRole": {
      "version": "0.1.0",
      "fingerprints": {
        "playsHash": "09e431c7f91a4ebffc2fab6f8f1ebd1496292a98584e4db41cee9107e068b3b0",
        "behaviorHash": "afea9621a8a309f743afaa1c27ba7c4bc5627a5a7378193312fc6442cd832499"
      }
    },
    "CallerRole": {
      "version": "0.1.0",
      "fingerprints": {
        "playsHash": "197526ef85a6673608bf655bb08915d9759f5186c7ace58273ce27c5a694eaf1",
        "behaviorHash": "1404265da437e516a0b3fe13a2e06bd8ef62e15aec69b33eb430a8bc32a4f527"
      }
    },
    "OrchestratorRole": {
      "version": "0.1.0",
      "fingerprints": {
        "playsHash": "903ca1e33a21fea2effba45fa2b043ac04608497dc53b665a645294d69c708da",
        "behaviorHash": "dd7cccb581752e52a3a3941823c7522ca72e6d025d6ac0c6617902d069b212de"
      }
    },
    "HelperRole": {
      "version": "0.1.0",
      "fingerprints": {
        "playsHash": "402460e82b09806953ebd79ef2991d2043e85b0d7408338eeb6e99a67dede4d6",
        "behaviorHash": "12c20c8cd8bd2cd15c641a4709e239bec5160f5f79b6a768a820c5a3e7bb20d6"
      }
    },
    "TsRole": {
      "version": "0.1.0",
      "fingerprints": {
        "playsHash": "6187a2b212a505127ae62c08e9e7fac526dc8ca24b985e70466472068bdfa928",
        "behaviorHash": "bce259d25a91f4eefc933b7b951ee5fb6e3356aa14ac695fea0dc20b39486763"
      }
    },
    "PyRole": {
      "version": "0.1.0",
      "fingerprints": {
        "playsHash": "5fd08edda8d615b8f1adc31388d1b15a5bb4ce8fc1cc0c1ee1800aa0d4734b5d",
        "behaviorHash": "3738b034a36a3bee10469f1d5d40bd0c1d3d2f868ee600043518215d15a3087e"
      }
    },
    "BaseMonitored": {
      "version": "0.1.0",
      "fingerprints": {
        "playsHash": "696fb96cf8851fcf98d1819a4d1118e663661c349c4f9b0dbe5e893933e0fdaa",
        "behaviorHash": "7246bd57418d671816112a85ae12c0f2a2c9312dc9ba96c027adaabeb9d7a4d0"
      }
    },
    "WorkerRole": {
      "version": "14.0.0",
      "fingerprints": {
        "playsHash": "4d54b72529259e93121f752edb404bafb9427978f0f71071caa4480ba50da71d",
        "behaviorHash": "11631f9d8327d6f9c838c87381a0fed56b47569a43561372fa164294f1dc166b"
      }
    },
    "DispatcherRole": {
      "version": "0.1.0",
      "fingerprints": {
        "playsHash": "d498c2ba655ad7e5d93767b8a53d1dcb8373a97c25a99bafab65d4f1970a3e63",
        "behaviorHash": "b896f9a93934f0972ca028c3432607ba47ddcffd23f8f3213378b63ef017df85"
      }
    },
    "MonitorRole": {
      "version": "0.1.0",
      "fingerprints": {
        "playsHash": "70f3fec3e66632d4b270b94b5e00f8fbace2d0e57107f5ba4099ca383a689b81",
        "behaviorHash": "440817a688e622a6a0112cdf2dcfe55fdf457fae10cf7a848a9a73e24c1786a0"
      }
    },
    "BuyerRole": {
      "version": "0.1.0",
      "fingerprints": {
        "playsHash": "a24865d676494bea25b52e0f2a12feb3eaaee123c31d2254efffede1e1f192ac",
        "behaviorHash": "578289fed3c70dc78b8e58df54735401114b83be59a9a6bf2fa46bbf003fc6d8"
      }
    },
    "SellerRole": {
      "version": "0.1.0",
      "fingerprints": {
        "playsHash": "7692bee19cf887dec71a4db97d9bd5c6f6687b636d2840f3d2131a28d540f1ae",
        "behaviorHash": "11631f9d8327d6f9c838c87381a0fed56b47569a43561372fa164294f1dc166b"
      }
    },
    "EntityRole": {
      "version": "0.1.0",
      "fingerprints": {
        "playsHash": "a0547bbef312f768db15a6d92ad0e2e8f05f7d2b91a87c5cae3bbbbf08cde15d",
        "behaviorHash": "4032add48675e02210a76ada36824171fc206e6b6d3e5da37ce5c6bc05bc9334"
      }
    },
    "ScoutRole": {
      "version": "0.1.0",
      "fingerprints": {
        "playsHash": "6237c509d06b64395a9c3d8aca562b92b7d1098acb82019c8abd939bf15eb00a",
        "behaviorHash": "84290ec2d47b774d3c892e922007b52b107c48be5a0f5e0f921c3df495895d42"
      }
    },
    "CommanderRole": {
      "version": "0.1.0",
      "fingerprints": {
        "playsHash": "d23c1a4c87a91cf4e9d51615da45c559a73b613c911a306133607ea124ab3261",
        "behaviorHash": "cc1944d9b68fe952f11303a84dfb5b7bdc6385ac19fb17629ec1c021060c5f56"
      }
    },
    "GathererRole": {
      "version": "0.1.0",
      "fingerprints": {
        "playsHash": "d1c195c34213478b36f40a3c7dcbf4824b19eb2fd2f8e1780de577e3bb0352da",
        "behaviorHash": "517b16f99572eeacd343989dab73eb8f4321979957d0948830728acd96398da9"
      }
    },
    "StrategicCommanderRole": {
      "version": "0.1.0",
      "fingerprints": {
        "playsHash": "489890be5f99b0c1bc55108cad1ebcc5f5186e563a4a39001f5abaad72160047",
        "behaviorHash": "cc1944d9b68fe952f11303a84dfb5b7bdc6385ac19fb17629ec1c021060c5f56"
      }
    },
    "FighterRole": {
      "version": "0.1.0",
      "fingerprints": {
        "playsHash": "4795e71ad277a72a79665112097a76fef3abd81e16d23c1445c402f704602e89",
        "behaviorHash": "2902a058b154f695dc45f8791c97d24d1210544c065888563c44fc888dc97f2c"
      }
    }
  }
}
