{
  "protocols": {
    "TaskExecution": {
      "version": "62.0.0",
      "fingerprints": {
        "structureHash": "56f29069289378ebcf8e6e5eaae95c4470ec32c1652e9162f8aa7891c2769344",
        "schemaHash": "3ff741769ea2af2c94ab665342ce44cb8474c89539c481b8ab462ceb042038e8",
        "implHash": "78fbdc420e8fdc23cd0da9d1014606c82b94c38c438bdb9ad80315c081f1c38e"
      }
    },
    "TaskExecutionBasic": {
      "version": "2.0.0",
      "fingerprints": {
        "structureHash": "5612e2b0ea595fa49cc73b4a6dd58cb102dcdfa9a1989f46be4a6a6d264fcb18",
        "schemaHash": "21b81feb8eddceb596f9a7440f752f4c88125168661be87c564d13c0cdcb6031",
        "implHash": "63e043d7a9408408361fe1d4d1d2cfe95d83c2a9fb6ac559fbc965d86517acdc"
      }
    },
    "AwaitTimeoutAlt": {
      "version": "3.0.0",
      "fingerprints": {
        "structureHash": "918bf05df86005b81ebea5d8294731eaa077b5ac1bb2195f90b4bf54a8c03931",
        "schemaHash": "b4b468dce867d440078b91f987672e1805f52e137ceff63f2831c6edd844739a",
        "implHash": "d6ddcc64e2c39c70b911b87aad1160aff7df6fe324656e5563dc2880304bf192"
      }
    },
    "LoopRetryBackoff": {
      "version": "3.0.0",
      "fingerprints": {
        "structureHash": "d7816714f16e3e6df373367dac1e8c8c16ebbc201a5e982e35da39f8c260b1a9",
        "schemaHash": "5ebe31072521e3c4474d0f41799505f02356d47a777afa2172a43667271b5092",
        "implHash": "a1b60d62ceaec48c1aa969f09ad12560d073835be87f6b42e54d0e91e32f4f08"
      }
    },
    "ParallelSubtasks": {
      "version": "2.0.0",
      "fingerprints": {
        "structureHash": "76c59f38eca5dd74eaeb12d97caf6d6b9f67881047416763395490e071644cf4",
        "schemaHash": "8c6125df20a1350af9420d644cbbbbd5947228645c78e88869e9d0802390ca82",
        "implHash": "eed5c6b38cc1ce01e0ea9bcf3cf780cec489bf4165cb2f3cb104d607739c4d45"
      }
    },
    "SpawnSubagent": {
      "version": "4.0.0",
      "fingerprints": {
        "structureHash": "b4dda94b200bab5877712612c51f7f1e40ef20f135ca17ef35d27ec99f1f375d",
        "schemaHash": "ca75649d048071f4cb9be62fd6dfcb215a27c49372760d1a8f687d15aa1f8401",
        "implHash": "3e6ba96b27946a1dd56f79350e6d5bf33253f491c53be0b50a77f2025635bf3b"
      }
    },
    "ExceptionAbortCompensate": {
      "version": "2.0.0",
      "fingerprints": {
        "structureHash": "2e9eb10715a11fb2a45355da47ad513a3f037724eea2d53a8ad6fd42bb188d14",
        "schemaHash": "8bf1024eb317a7ace61eb76c1e56b8284dc865164354a9740bfb996078bc57a5",
        "implHash": "8ee5109e713211911090753ab5f5e0653570bcd8b292a266141908484adaa51e"
      }
    },
    "DeriveDsiBsi": {
      "version": "3.0.0",
      "fingerprints": {
        "structureHash": "875d885639861a11572a80906016d68c8105e260e30928cf1028b281a6ea32e6",
        "schemaHash": "e3b0c44298fc1c149afbf4c8996fb92427ae41e4649b934ca495991b7852b855",
        "implHash": "5b41dd44480c7ea9ffe4d0da0a33bc53f0c393ea344504773293ed8c88cfd8a3"
      }
    },
    "TaskExecutionWithChild": {
      "version": "4.0.0",
      "fingerprints": {
        "structureHash": "896a12a81923e78c323888717f6eef60ff711dce51c817a24eec19e10062d7e3",
        "schemaHash": "3ff741769ea2af2c94ab665342ce44cb8474c89539c481b8ab462ceb042038e8",
        "implHash": "309ba36bc1b2b8a476274428a18d973f4bb7a3c1ff289797a445683e31eda26b"
      }
    },
    "TaskExecutionWithImport": {
      "version": "2.0.0",
      "fingerprints": {
        "structureHash": "753a5a559a2af93db1883dfee0850b4020f50cd0bac13617812f455e34e0c9c2",
        "schemaHash": "3ff741769ea2af2c94ab665342ce44cb8474c89539c481b8ab462ceb042038e8",
        "implHash": "f6648266e12006b8a8825bbaa820a04c7130245d9478716b7bbf828851984fdf"
      }
    },
    "TaskExecutionWithMultipartyChild": {
      "version": "4.0.0",
      "fingerprints": {
        "structureHash": "3b3ad3d6f8cbc2a360fd0543c7b21a2724f8512befb9c2b9d3b92b8a6532f916",
        "schemaHash": "aa9cda3f6da6cbebfb2ae776e859bada96fdec5699c9336bcf3c285d8d25725b",
        "implHash": "58b64a42b69ee62b0e358e9215647575a220de30ad161c1b92adac838de04bf2"
      }
    },
    "TaskExecutionFromEvent": {
      "version": "2.0.0",
      "fingerprints": {
        "structureHash": "54a9e60b0a45051900879471d58598c45426fdd3de0089868375b4acd3e22681",
        "schemaHash": "c94ac52370720d4b20dbb262a6c149223fc9374e3c0e119c19940183369c07bf",
        "implHash": "9654fc2b667a1381ddc5867f5180e3bfa1b72f5713edbf44ff59ceeba28295a3"
      }
    },
    "CommaAsksLlmAndReplies": {
      "version": "2.0.0",
      "fingerprints": {
        "structureHash": "47983548e905ac27aa3a674a25edeb7371ae16b95be985ca1bb0b22724bdfec5",
        "schemaHash": "7e381ea1bf16b01c0308a63e3303e82e6bc9aa580e295e95472b7e604a73b606",
        "implHash": "8786f6ae04fe32a0f1c7d115b3f132e575cdf773474e0bb3b6460167d0119023"
      }
    },
    "HealthCheck": {
      "version": "84.0.0",
      "fingerprints": {
        "structureHash": "ab7a54cb9b06cbf99864e3d5139bca78a778edaad84ef7fc5d571b1c7795673e",
        "schemaHash": "4ab1b58940301b8acd55f43b1bcbbdfaccf4159a4ee2bb684afb9d11e9404018",
        "implHash": "15aefc1748b94b3dac9994de362b1147671e0888605dd2777dd214dd37bfda51"
      }
    },
    "CrossLangDemo": {
      "version": "3.0.0",
      "fingerprints": {
        "structureHash": "50be58f3ce6bfdd073d27fccd76b1e191aec2c6f2c0d72484215911c4e2dbf91",
        "schemaHash": "91225ee290ec3a9e58f6c2fb33891c67fdd0b0fdcc32dd20c5a7d288faed99fc",
        "implHash": "4c59249489bf8fa91209c43bb208eb007d95bd05326a7f0f15f50a0227ab4138"
      }
    },
    "TsDemo": {
      "version": "3.0.0",
      "fingerprints": {
        "structureHash": "fe9a16692b84d8954d9bacb374b67664c93db98fe69238f9c21da30931f7a1bd",
        "schemaHash": "91225ee290ec3a9e58f6c2fb33891c67fdd0b0fdcc32dd20c5a7d288faed99fc",
        "implHash": "06899aba20de5cfd265d68765b1afec1fad3abd29c40c710a573438a69b1d48f"
      }
    },
    "LoopWaitDemo": {
      "version": "2.0.0",
      "fingerprints": {
        "structureHash": "bae31a9f5d2a0a6564bcda061dbef3985659311f78fb492bb7acb664080efaff",
        "schemaHash": "8b388792b6e99d4cc071c0e21653a3c70a550ac008ae13dbd50897689c689a49",
        "implHash": "11872d568bfb6f62cbf32740927a58cf6d7a3f46378ef935a852ba0aec39faa8"
      }
    },
    "ParDemo": {
      "version": "2.0.0",
      "fingerprints": {
        "structureHash": "1904d523926cd71a655df23c8a1c1b6bf127d3f3f8a3ee4f2cce9484f8e8568f",
        "schemaHash": "c4f91c4ce4cb60ad11853016042bc74c93236aab14f530e7602457fb53bfbe4a",
        "implHash": "b7140f33582a82db2841d00bea7e5bf3315745c68aa275fa5367639798527529"
      }
    },
    "TryCatchDemo": {
      "version": "2.0.0",
      "fingerprints": {
        "structureHash": "865807069f230d632635bb41015dd1e57900a21c235f90696fe1436549b2230e",
        "schemaHash": "5f820fe374633d60719ae594bc675b225a0bfaf011f72203bd1f8857a096e135",
        "implHash": "8574c7861f088802b5fb8bc5bcf3b8944d20a27c0829c0d0fa0b2a18d99419e4"
      }
    },
    "ComputeSquare": {
      "version": "2.0.0",
      "fingerprints": {
        "structureHash": "4960a1d599e5900bf0108af3c9afa2203646ee0db63890171e9e563b09985388",
        "schemaHash": "e3b0c44298fc1c149afbf4c8996fb92427ae41e4649b934ca495991b7852b855",
        "implHash": "0c345ec1100054ce1ac45d7131deb38322b558ad59ee407caeb00fb3a1bfe137"
      }
    },
    "InvokeDemo": {
      "version": "2.0.0",
      "fingerprints": {
        "structureHash": "b7ad48da40c5b1d14ce6995cbdb8471191dbe4daf6c84f7d49b5f0fca5761489",
        "schemaHash": "38619be48e8c92713d985a46f3a64c2d864543de5ddcf289f0024992d97e89f1",
        "implHash": "443c7195f8628169e0b14967a590ed2b7d1c1a18d2b6f41281a5c818dc9af0f2"
      }
    },
    "BackgroundTask": {
      "version": "2.0.0",
      "fingerprints": {
        "structureHash": "8def2c1e971b1ad46833d3924f00888088c3ce6a909694280874d9d5fa2062b9",
        "schemaHash": "e3b0c44298fc1c149afbf4c8996fb92427ae41e4649b934ca495991b7852b855",
        "implHash": "6d3463704f7692d057e903023b59edd1b4710a406f60a7825318ec849f8c828b"
      }
    },
    "SpawnEmitDemo": {
      "version": "4.0.0",
      "fingerprints": {
        "structureHash": "8cd05d24431ca22d771827572b2146ad6ea4639dd0686a45775fe81d3d25125c",
        "schemaHash": "9697e5f70fda03c84bdca3be81d2820c296901e4625f462fe3d238731765b440",
        "implHash": "8c52cc8e925e02a180cf7a0f372872be685b61281be42e080ff726119bbc8615"
      }
    },
    "CrossLangE2E": {
      "version": "2.0.0",
      "fingerprints": {
        "structureHash": "f59f68d0586bafadf95d52805b24e2f35f3e3753bd76bbd56a2cb161910145fa",
        "schemaHash": "a89f7e4dd65f1129a20f16db3ba04c04e36c3a75df9ccc5c85d7e583322eec10",
        "implHash": "0da0f3257eaec0619247da9817066c06519771fa6292612e0331de2719d8849c"
      }
    },
    "TaskProcessing": {
      "version": "55.0.0",
      "fingerprints": {
        "structureHash": "a8b5f04045f24f7d09ca43edd6881075b14dbd3dde6fee94ed9129d3a76afaa2",
        "schemaHash": "62a3629ef9e82183f520e42d013626129661bc6d239e4699136e8d24f7548524",
        "implHash": "4ca79f23158aa56a877d81140069e6e832a9c7552339ef14f1a2a9997bed9295"
      }
    },
    "ScatterGather": {
      "version": "4.0.0",
      "fingerprints": {
        "structureHash": "baf0832b2c24bdfc5af7c79eb352491cdf4a405443bae7d00a7e106202c73ed6",
        "schemaHash": "8c6125df20a1350af9420d644cbbbbd5947228645c78e88869e9d0802390ca82",
        "implHash": "6a6eeaebc1c8a1e6395cda7152f0d6b8e2960a9a01296da87902be7f37585c2f"
      }
    },
    "CallForProposal": {
      "version": "7.0.0",
      "fingerprints": {
        "structureHash": "1542f957bc96a35d933357c976b735103d35ca56b8bcdc6c81e837f0fb84adc6",
        "schemaHash": "16a687047c842d4f60dd6f9f54e17d8195f0ba2e531a0833da2bbcc2347acd97",
        "implHash": "8f4f498cd409984f43be16e6e992bc8ec2f9220d0198cf327797b2a7dec01308"
      }
    },
    "TaskExecutionLegacy": {
      "version": "1.0.0",
      "fingerprints": {
        "structureHash": "5612e2b0ea595fa49cc73b4a6dd58cb102dcdfa9a1989f46be4a6a6d264fcb18",
        "schemaHash": "21b81feb8eddceb596f9a7440f752f4c88125168661be87c564d13c0cdcb6031",
        "implHash": "29dcfca63652a985ae678e2006127aaec844e84cf23e05c70f89275e1fb3fc44"
      }
    },
    "TickCycle": {
      "version": "0.1.0",
      "fingerprints": {
        "structureHash": "423a3610183cbb0a4b8281ae6eb95e241d6f89793c0d737f25b91525b1aeef9f",
        "schemaHash": "b3670adca07f8fb877caac8ff31ae8d1b3f2eb6adc675fa95bc36d52bac42f85",
        "implHash": "b4144d788da86c4b1e8d5dd61cc5d3eb519a562db35fd97e30f75cb4063994b8"
      }
    },
    "ExploreRegion": {
      "version": "0.1.0",
      "fingerprints": {
        "structureHash": "5f65a0f864c70a2aff85d16e0cd0070f0b64200721194ab7234647ec98866455",
        "schemaHash": "cbc767ec08fdc6947227e56849704fe2455e7097378e2834ff742b42d4c4d35f",
        "implHash": "d42a3a3bf345b032a8d13e70545892ef171d57b0e902470f30bd0edfd11df364"
      }
    },
    "CollectResource": {
      "version": "0.1.0",
      "fingerprints": {
        "structureHash": "d792b80a1579c568815a4377f0f25bad4500fca9f958d9ac426fdbb0b43bf97f",
        "schemaHash": "4a44255e6379a720828556ac501560561f1c6a9490b5a47f946a1d603fbe4007",
        "implHash": "aa3dcbb2a6e2d76c144e1bc3d617d60b00b2af937c3d51c22e222545ab9e4353"
      }
    },
    "TeamStrategy": {
      "version": "0.1.0",
      "fingerprints": {
        "structureHash": "789f40363275402a3837d410f0fe9d75087247cd28b8c8c54436e314c0b1519f",
        "schemaHash": "e3b0c44298fc1c149afbf4c8996fb92427ae41e4649b934ca495991b7852b855",
        "implHash": "e1fc46ec7e6cb647e5b56ac6e073b6c8038b2e563c66a011ce2bf271a8fd02aa"
      }
    },
    "DefendPosition": {
      "version": "0.1.0",
      "fingerprints": {
        "structureHash": "88acd65d233ed1ec98df144306eedcfd0151bd7b5348d03852fe62376f73683c",
        "schemaHash": "c3ab4ee228287dc80d44cd7ee44819293e0b1ddd0cefcf8648cb7e0800145286",
        "implHash": "e29aa5f515051af42cfb39ec11329c1935af4697671af90e434110cd10ea6d6d"
      }
    },
    "SurvivalOverride": {
      "version": "0.1.0",
      "fingerprints": {
        "structureHash": "f1e5883192a3b5ff4fc43c0eb331cd3c9f5e18d33b9cad5af40a25e536902c34",
        "schemaHash": "a02bc79e78cdfc4caa242a3f6f53ea1126b8de205f5bd701b670ebb192524b73",
        "implHash": "c8c7b3990a7baf3002ad71b2e13a1b8e0f695e5907aafa6210d484b692df1026"
      }
    }
  },
  "roles": {
    "CommaRole": {
      "version": "334.0.0",
      "fingerprints": {
        "playsHash": "8532695e0749657a7e45ec8683c4a088424e4df184ad1884914a85af47e0bbcb",
        "behaviorHash": "6c9a6242fca2132097085defabab7de2d62f526f498be33d020ef4d1c8ea4c4a"
      }
    },
    "SiaRole": {
      "version": "221.0.0",
      "fingerprints": {
        "playsHash": "5ba3b5d7218bafb8536ea5a0d80ca6515250538c8e5f91d406de88cb85e1c278",
        "behaviorHash": "90d1d22e125fdbed9a3af8dc227859c7d65a22e6f61a23a44c9bf8360e17026a"
      }
    },
    "BrowserRole": {
      "version": "4.0.0",
      "fingerprints": {
        "playsHash": "7cc8d03da470e626f95fa963b9e82d3cedbdfd72e43c7dd90330d32a58e3c716",
        "behaviorHash": "7351d94cc4999ec93355245432dd7df7da23c97bd99c8ca3144d5127aa8fe434"
      }
    },
    "ServerRole": {
      "version": "4.0.0",
      "fingerprints": {
        "playsHash": "118ce2af0716b3ad74e217387257c4e3aac92c5594ed1fee34915c202d705c4c",
        "behaviorHash": "755d69279f7cc97360f317ce0d189cb20b39ffab1f60d3252f985094a44c16a2"
      }
    },
    "ClientRole": {
      "version": "58.0.0",
      "fingerprints": {
        "playsHash": "409f56400e5bb3a7295ce996368488fdadfeb1021de462c52d58b1aa70e62acf",
        "behaviorHash": "ba2d5f0c39c95f3dc5d75d0d68fa0fa458620ea57244b4274d28da02e160c318"
      }
    },
    "HandlerRole": {
      "version": "4.0.0",
      "fingerprints": {
        "playsHash": "b3300ef2018b243e6ad57fd9d876bd8b6c3d74cd2aee386b3e4ea7488dbcc2c5",
        "behaviorHash": "730827edea47fb29bc679948c4ee401e1bfd419681a83ec8b2258299db79c10b"
      }
    },
    "PollerRole": {
      "version": "3.0.0",
      "fingerprints": {
        "playsHash": "eda69c36a4ccc16518b07beea97da4c6890dfbf4e76199f0f57dd450ddfc958c",
        "behaviorHash": "aa1484be716c8e03845643fc31bcbaf57d16ad58280313be37a65c50579a9f31"
      }
    },
    "ResponderRole": {
      "version": "61.0.0",
      "fingerprints": {
        "playsHash": "6a9eea98fb9f1f91bf11af63b9eb521e63547e8c723f32c9a7096d470a004395",
        "behaviorHash": "11631f9d8327d6f9c838c87381a0fed56b47569a43561372fa164294f1dc166b"
      }
    },
    "CoordinatorRole": {
      "version": "56.0.0",
      "fingerprints": {
        "playsHash": "8488af9b04665ce87c950d57fa030d31285ba9da3b07d0343346aa15b8c18677",
        "behaviorHash": "995b644300b189b4641ffd1df5e563f14cd2a0ceeeb1133c867698328de1ca21"
      }
    },
    "WorkerARole": {
      "version": "3.0.0",
      "fingerprints": {
        "playsHash": "6657d8f40bdd82099ce99da8e4f093022a8c6155f6ad3a88a200d569a5244eff",
        "behaviorHash": "2dedb6e4e9d2db514e5b44f18adff9db8805956e9c1b1202b7bfa8c136b8b022"
      }
    },
    "WorkerBRole": {
      "version": "3.0.0",
      "fingerprints": {
        "playsHash": "5eb2d1a9957f8b991d027b884f6129aadfe1d7a63cd0eab460329641f3e6648a",
        "behaviorHash": "2dedb6e4e9d2db514e5b44f18adff9db8805956e9c1b1202b7bfa8c136b8b022"
      }
    },
    "SenderRole": {
      "version": "3.0.0",
      "fingerprints": {
        "playsHash": "ab63928d37ef02bc1c54ca5b0a071fdd4872ad40830c00e882535b84a65db454",
        "behaviorHash": "f7154e029490bf5da3b6c2934eb6bcd1e5283bb0d22b0e131362aaabbbda98c0"
      }
    },
    "ProcessorRole": {
      "version": "3.0.0",
      "fingerprints": {
        "playsHash": "7ef1769021f4fdf9b2f21028c51ae311a8f86d922d68ec1c7239dbd3e63d11de",
        "behaviorHash": "afea9621a8a309f743afaa1c27ba7c4bc5627a5a7378193312fc6442cd832499"
      }
    },
    "CallerRole": {
      "version": "3.0.0",
      "fingerprints": {
        "playsHash": "da164fc588113317b3b3a5673a7d909c74bccde8e59c3523c2871c457a440e44",
        "behaviorHash": "1404265da437e516a0b3fe13a2e06bd8ef62e15aec69b33eb430a8bc32a4f527"
      }
    },
    "OrchestratorRole": {
      "version": "3.0.0",
      "fingerprints": {
        "playsHash": "52722d3c0e08d6244e36228dece760919153daa4c75a8427dbe2fcbd0e3ad2e3",
        "behaviorHash": "dd7cccb581752e52a3a3941823c7522ca72e6d025d6ac0c6617902d069b212de"
      }
    },
    "HelperRole": {
      "version": "3.0.0",
      "fingerprints": {
        "playsHash": "9fa5f845baba38f6dbae4ea35957ab9a68e77dacc825abe94d23437c4faacfd5",
        "behaviorHash": "12c20c8cd8bd2cd15c641a4709e239bec5160f5f79b6a768a820c5a3e7bb20d6"
      }
    },
    "TsRole": {
      "version": "3.0.0",
      "fingerprints": {
        "playsHash": "2cc8fe59660c3e98aa4ab98bac5d49e3455b84d70d8a48f87f0e7f40c6b88463",
        "behaviorHash": "bce259d25a91f4eefc933b7b951ee5fb6e3356aa14ac695fea0dc20b39486763"
      }
    },
    "PyRole": {
      "version": "3.0.0",
      "fingerprints": {
        "playsHash": "a8fbd20dc544f3bf82463b447956cc23f00cbdd1b30dc8088fcbcd58d55ab4cb",
        "behaviorHash": "3738b034a36a3bee10469f1d5d40bd0c1d3d2f868ee600043518215d15a3087e"
      }
    },
    "BaseMonitored": {
      "version": "23.0.0",
      "fingerprints": {
        "playsHash": "ce6b284916cc1d8167ccb2a1332fd7c3fefb5d6b3f6a189825024023dcdc238c",
        "behaviorHash": "7246bd57418d671816112a85ae12c0f2a2c9312dc9ba96c027adaabeb9d7a4d0"
      }
    },
    "WorkerRole": {
      "version": "83.0.0",
      "fingerprints": {
        "playsHash": "2688b1683f18bdf826de406dbf1cec310d6bc8e8efb6f4e49c4f93f19972e541",
        "behaviorHash": "11631f9d8327d6f9c838c87381a0fed56b47569a43561372fa164294f1dc166b"
      }
    },
    "DispatcherRole": {
      "version": "23.0.0",
      "fingerprints": {
        "playsHash": "8da0d5c2e9009d1afb51d152f0ae5d6a1823885d8d6bbcb7da323a0a44fb8b00",
        "behaviorHash": "b896f9a93934f0972ca028c3432607ba47ddcffd23f8f3213378b63ef017df85"
      }
    },
    "MonitorRole": {
      "version": "23.0.0",
      "fingerprints": {
        "playsHash": "bb1fdc0bd54ef8497074718a9e65c13255fa90479af4a2c47880439864e31ae8",
        "behaviorHash": "440817a688e622a6a0112cdf2dcfe55fdf457fae10cf7a848a9a73e24c1786a0"
      }
    },
    "BuyerRole": {
      "version": "6.0.0",
      "fingerprints": {
        "playsHash": "6e94f5e5813c3650eadd3ba653434781ab2e80e0c34f25d44037a42d4f3be2e1",
        "behaviorHash": "578289fed3c70dc78b8e58df54735401114b83be59a9a6bf2fa46bbf003fc6d8"
      }
    },
    "SellerRole": {
      "version": "6.0.0",
      "fingerprints": {
        "playsHash": "dfc5796e1d2d65020af78fcd91a1d49902f7a6b96d68aa1148cf910a915990c0",
        "behaviorHash": "11631f9d8327d6f9c838c87381a0fed56b47569a43561372fa164294f1dc166b"
      }
    },
    "EntityRole": {
      "version": "0.1.0",
      "fingerprints": {
        "playsHash": "a0547bbef312f768db15a6d92ad0e2e8f05f7d2b91a87c5cae3bbbbf08cde15d",
        "behaviorHash": "4032add48675e02210a76ada36824171fc206e6b6d3e5da37ce5c6bc05bc9334"
      }
    },
    "ScoutRole": {
      "version": "0.1.0",
      "fingerprints": {
        "playsHash": "6237c509d06b64395a9c3d8aca562b92b7d1098acb82019c8abd939bf15eb00a",
        "behaviorHash": "84290ec2d47b774d3c892e922007b52b107c48be5a0f5e0f921c3df495895d42"
      }
    },
    "CommanderRole": {
      "version": "0.1.0",
      "fingerprints": {
        "playsHash": "d23c1a4c87a91cf4e9d51615da45c559a73b613c911a306133607ea124ab3261",
        "behaviorHash": "cc1944d9b68fe952f11303a84dfb5b7bdc6385ac19fb17629ec1c021060c5f56"
      }
    },
    "GathererRole": {
      "version": "0.1.0",
      "fingerprints": {
        "playsHash": "d1c195c34213478b36f40a3c7dcbf4824b19eb2fd2f8e1780de577e3bb0352da",
        "behaviorHash": "517b16f99572eeacd343989dab73eb8f4321979957d0948830728acd96398da9"
      }
    },
    "StrategicCommanderRole": {
      "version": "0.1.0",
      "fingerprints": {
        "playsHash": "489890be5f99b0c1bc55108cad1ebcc5f5186e563a4a39001f5abaad72160047",
        "behaviorHash": "cc1944d9b68fe952f11303a84dfb5b7bdc6385ac19fb17629ec1c021060c5f56"
      }
    },
    "FighterRole": {
      "version": "0.1.0",
      "fingerprints": {
        "playsHash": "4795e71ad277a72a79665112097a76fef3abd81e16d23c1445c402f704602e89",
        "behaviorHash": "2902a058b154f695dc45f8791c97d24d1210544c065888563c44fc888dc97f2c"
      }
    },
    "UserRole": {
      "version": "191.0.0",
      "fingerprints": {
        "playsHash": "57c492aea006b9eb0855185f54736932a8847c439f093ec68e94139b0de4509e",
        "behaviorHash": "11631f9d8327d6f9c838c87381a0fed56b47569a43561372fa164294f1dc166b"
      }
    },
    "Worker1Role": {
      "version": "2.0.0",
      "fingerprints": {
        "playsHash": "9968bfdc116f1dfda11ea52ff0033f212ea09e4d3c43065d89bc0873cad5ceec",
        "behaviorHash": "11631f9d8327d6f9c838c87381a0fed56b47569a43561372fa164294f1dc166b"
      }
    },
    "Worker2Role": {
      "version": "2.0.0",
      "fingerprints": {
        "playsHash": "58bff639217ce35d7a340d2c0a141ff7a1a9d2d1094476b89b3cd074ae3cd4cd",
        "behaviorHash": "11631f9d8327d6f9c838c87381a0fed56b47569a43561372fa164294f1dc166b"
      }
    },
    "PlannerRole": {
      "version": "2.0.0",
      "fingerprints": {
        "playsHash": "dba5f86add092aa6a50ee60da429d3bee88232580a6c663ba97eefde1eadd144",
        "behaviorHash": "11631f9d8327d6f9c838c87381a0fed56b47569a43561372fa164294f1dc166b"
      }
    },
    "LlmbrokaRole": {
      "version": "2.0.0",
      "fingerprints": {
        "playsHash": "f3cb7d2a182225ebedcbcc306e6e351bfa887c2ed92683208d1b692a48f41a7c",
        "behaviorHash": "90d1d22e125fdbed9a3af8dc227859c7d65a22e6f61a23a44c9bf8360e17026a"
      }
    }
  }
}
