{
  "protocols": {
    "TaskExecution": {
      "version": "20.0.0",
      "fingerprints": {
        "structureHash": "1823df64da37a6609e629afa89b82f794c99aa43b1892c947af22b9878163efe",
        "schemaHash": "3ff741769ea2af2c94ab665342ce44cb8474c89539c481b8ab462ceb042038e8",
        "implHash": "78fbdc420e8fdc23cd0da9d1014606c82b94c38c438bdb9ad80315c081f1c38e"
      }
    },
    "TaskExecutionBasic": {
      "version": "1.0.0",
      "fingerprints": {
        "structureHash": "465c15b60589f40a4a09dbcde443d442f81049a6a1d95362c8fcc39790582a8b",
        "schemaHash": "21b81feb8eddceb596f9a7440f752f4c88125168661be87c564d13c0cdcb6031",
        "implHash": "63e043d7a9408408361fe1d4d1d2cfe95d83c2a9fb6ac559fbc965d86517acdc"
      }
    },
    "AwaitTimeoutAlt": {
      "version": "1.0.0",
      "fingerprints": {
        "structureHash": "e265b9a35c2834ca16e64566e2fce3c303e54e50f29063f604181f189a6ddc79",
        "schemaHash": "b4b468dce867d440078b91f987672e1805f52e137ceff63f2831c6edd844739a",
        "implHash": "d6ddcc64e2c39c70b911b87aad1160aff7df6fe324656e5563dc2880304bf192"
      }
    },
    "LoopRetryBackoff": {
      "version": "1.0.0",
      "fingerprints": {
        "structureHash": "7d57f0e930fb517f792ed8a91d512467994a5fdee8082cb9c04b4299f03715b1",
        "schemaHash": "5ebe31072521e3c4474d0f41799505f02356d47a777afa2172a43667271b5092",
        "implHash": "a1b60d62ceaec48c1aa969f09ad12560d073835be87f6b42e54d0e91e32f4f08"
      }
    },
    "ParallelSubtasks": {
      "version": "1.0.0",
      "fingerprints": {
        "structureHash": "7d97f779ba7bee35b11a12cf2f6484dca62836793442631e28715c72159ed9f6",
        "schemaHash": "8c6125df20a1350af9420d644cbbbbd5947228645c78e88869e9d0802390ca82",
        "implHash": "eed5c6b38cc1ce01e0ea9bcf3cf780cec489bf4165cb2f3cb104d607739c4d45"
      }
    },
    "SpawnSubagent": {
      "version": "3.0.0",
      "fingerprints": {
        "structureHash": "d9a81bc4c34cf8f7e485ef5d3c03ae603606447ec225403d5d0c28c07e91453a",
        "schemaHash": "ca75649d048071f4cb9be62fd6dfcb215a27c49372760d1a8f687d15aa1f8401",
        "implHash": "3e6ba96b27946a1dd56f79350e6d5bf33253f491c53be0b50a77f2025635bf3b"
      }
    },
    "ExceptionAbortCompensate": {
      "version": "1.0.0",
      "fingerprints": {
        "structureHash": "90a37c713a75e37007e05765ba142e64983cf0e8c8cca58bc22ffb0609821ff0",
        "schemaHash": "8bf1024eb317a7ace61eb76c1e56b8284dc865164354a9740bfb996078bc57a5",
        "implHash": "8ee5109e713211911090753ab5f5e0653570bcd8b292a266141908484adaa51e"
      }
    },
    "DeriveDsiBsi": {
      "version": "2.0.0",
      "fingerprints": {
        "structureHash": "d462a66fd4beb779d7a3264cdf088bb506463f07f6144efca4c1dd26845eda7f",
        "schemaHash": "e3b0c44298fc1c149afbf4c8996fb92427ae41e4649b934ca495991b7852b855",
        "implHash": "5b41dd44480c7ea9ffe4d0da0a33bc53f0c393ea344504773293ed8c88cfd8a3"
      }
    },
    "TaskExecutionWithChild": {
      "version": "3.0.0",
      "fingerprints": {
        "structureHash": "2e55fa66062cfd7fde519ce2afd84e938f96722954130e3ce776f36e6b02252d",
        "schemaHash": "3ff741769ea2af2c94ab665342ce44cb8474c89539c481b8ab462ceb042038e8",
        "implHash": "309ba36bc1b2b8a476274428a18d973f4bb7a3c1ff289797a445683e31eda26b"
      }
    },
    "TaskExecutionWithImport": {
      "version": "1.0.0",
      "fingerprints": {
        "structureHash": "bd99dd93a6a809acdf9222d428835b4cb9226e08ebf15ceb9f2ff022d6baa9e1",
        "schemaHash": "3ff741769ea2af2c94ab665342ce44cb8474c89539c481b8ab462ceb042038e8",
        "implHash": "f6648266e12006b8a8825bbaa820a04c7130245d9478716b7bbf828851984fdf"
      }
    },
    "TaskExecutionWithMultipartyChild": {
      "version": "2.0.0",
      "fingerprints": {
        "structureHash": "b999f0ba3d477b960876cb31a188950fbd5c7e0818a00cdf09aabfa8fc3061ac",
        "schemaHash": "aa9cda3f6da6cbebfb2ae776e859bada96fdec5699c9336bcf3c285d8d25725b",
        "implHash": "58b64a42b69ee62b0e358e9215647575a220de30ad161c1b92adac838de04bf2"
      }
    },
    "TaskExecutionFromEvent": {
      "version": "1.0.0",
      "fingerprints": {
        "structureHash": "0ba0b7f012d4495a3058594cc41651e10aba5fa51c115dd90f031bdc5b7fafcc",
        "schemaHash": "c94ac52370720d4b20dbb262a6c149223fc9374e3c0e119c19940183369c07bf",
        "implHash": "9654fc2b667a1381ddc5867f5180e3bfa1b72f5713edbf44ff59ceeba28295a3"
      }
    },
    "CommaAsksLlmAndReplies": {
      "version": "1.0.0",
      "fingerprints": {
        "structureHash": "f013118aca7dc008f042a5cebf30b1864c0693386f990e428f235f69e5e220dd",
        "schemaHash": "7e381ea1bf16b01c0308a63e3303e82e6bc9aa580e295e95472b7e604a73b606",
        "implHash": "8786f6ae04fe32a0f1c7d115b3f132e575cdf773474e0bb3b6460167d0119023"
      }
    },
    "HealthCheck": {
      "version": "30.0.0",
      "fingerprints": {
        "structureHash": "607ed3107febd0a9742e9acf06c10cea917deb4ec812c8179713b5b6faab8b54",
        "schemaHash": "4ab1b58940301b8acd55f43b1bcbbdfaccf4159a4ee2bb684afb9d11e9404018",
        "implHash": "15aefc1748b94b3dac9994de362b1147671e0888605dd2777dd214dd37bfda51"
      }
    },
    "CrossLangDemo": {
      "version": "1.0.0",
      "fingerprints": {
        "structureHash": "c598da1025cfd24642d5e1587d91597fb8b913f6dd1692c3fe46af42aea6d195",
        "schemaHash": "91225ee290ec3a9e58f6c2fb33891c67fdd0b0fdcc32dd20c5a7d288faed99fc",
        "implHash": "4c59249489bf8fa91209c43bb208eb007d95bd05326a7f0f15f50a0227ab4138"
      }
    },
    "TsDemo": {
      "version": "1.0.0",
      "fingerprints": {
        "structureHash": "10cd8189126936f5ace7b4027829325564d35845c531a947f9d0763e35c7fc8e",
        "schemaHash": "91225ee290ec3a9e58f6c2fb33891c67fdd0b0fdcc32dd20c5a7d288faed99fc",
        "implHash": "06899aba20de5cfd265d68765b1afec1fad3abd29c40c710a573438a69b1d48f"
      }
    },
    "LoopWaitDemo": {
      "version": "1.0.0",
      "fingerprints": {
        "structureHash": "3c4f7ceafaf38bef32368c453a153193316490348351af072c920eb284239657",
        "schemaHash": "8b388792b6e99d4cc071c0e21653a3c70a550ac008ae13dbd50897689c689a49",
        "implHash": "11872d568bfb6f62cbf32740927a58cf6d7a3f46378ef935a852ba0aec39faa8"
      }
    },
    "ParDemo": {
      "version": "1.0.0",
      "fingerprints": {
        "structureHash": "e5f5b83eda7492d87d95040b2192b265dc4334e7fd8b147f5a3b9d433be84b48",
        "schemaHash": "c4f91c4ce4cb60ad11853016042bc74c93236aab14f530e7602457fb53bfbe4a",
        "implHash": "b7140f33582a82db2841d00bea7e5bf3315745c68aa275fa5367639798527529"
      }
    },
    "TryCatchDemo": {
      "version": "1.0.0",
      "fingerprints": {
        "structureHash": "a0e267745b93d9808499594cdc93d47028d516a24803594e48fa719164a83e5e",
        "schemaHash": "5f820fe374633d60719ae594bc675b225a0bfaf011f72203bd1f8857a096e135",
        "implHash": "8574c7861f088802b5fb8bc5bcf3b8944d20a27c0829c0d0fa0b2a18d99419e4"
      }
    },
    "ComputeSquare": {
      "version": "1.0.0",
      "fingerprints": {
        "structureHash": "d9a359be806bd7affd96364a3debccd6788a6bf0c261f2872cdbc35fa98b3c2d",
        "schemaHash": "e3b0c44298fc1c149afbf4c8996fb92427ae41e4649b934ca495991b7852b855",
        "implHash": "0c345ec1100054ce1ac45d7131deb38322b558ad59ee407caeb00fb3a1bfe137"
      }
    },
    "InvokeDemo": {
      "version": "1.0.0",
      "fingerprints": {
        "structureHash": "dab0834fff7ecfb62b0c15a86126b15ecc91d9d278789553c234c07a4502fe50",
        "schemaHash": "38619be48e8c92713d985a46f3a64c2d864543de5ddcf289f0024992d97e89f1",
        "implHash": "443c7195f8628169e0b14967a590ed2b7d1c1a18d2b6f41281a5c818dc9af0f2"
      }
    },
    "BackgroundTask": {
      "version": "1.0.0",
      "fingerprints": {
        "structureHash": "224fca6a851ab343d8fe32dbe332510ae62215999f2db67be8e4b8e6bc41c2b4",
        "schemaHash": "e3b0c44298fc1c149afbf4c8996fb92427ae41e4649b934ca495991b7852b855",
        "implHash": "6d3463704f7692d057e903023b59edd1b4710a406f60a7825318ec849f8c828b"
      }
    },
    "SpawnEmitDemo": {
      "version": "3.0.0",
      "fingerprints": {
        "structureHash": "fb9afffde1ba66b1fbc6e845f2dc648feda4977a4185d27af7873fadc1ff04f4",
        "schemaHash": "9697e5f70fda03c84bdca3be81d2820c296901e4625f462fe3d238731765b440",
        "implHash": "8c52cc8e925e02a180cf7a0f372872be685b61281be42e080ff726119bbc8615"
      }
    },
    "CrossLangE2E": {
      "version": "1.0.0",
      "fingerprints": {
        "structureHash": "5c270c07c3087f1aa85026b3553e7e32bcdac5b90cb1c02643eb269edb9c6de7",
        "schemaHash": "a89f7e4dd65f1129a20f16db3ba04c04e36c3a75df9ccc5c85d7e583322eec10",
        "implHash": "0da0f3257eaec0619247da9817066c06519771fa6292612e0331de2719d8849c"
      }
    },
    "TaskProcessing": {
      "version": "19.0.0",
      "fingerprints": {
        "structureHash": "02de7f0ad996a07078de7c11f1d545a64f3c1545c99d02bc282b4a732f7ee24f",
        "schemaHash": "62a3629ef9e82183f520e42d013626129661bc6d239e4699136e8d24f7548524",
        "implHash": "4ca79f23158aa56a877d81140069e6e832a9c7552339ef14f1a2a9997bed9295"
      }
    },
    "ScatterGather": {
      "version": "3.0.0",
      "fingerprints": {
        "structureHash": "989d6c67c3496dc405923f056962b83a02f4466041b4a03b2c92adc96398ff39",
        "schemaHash": "8c6125df20a1350af9420d644cbbbbd5947228645c78e88869e9d0802390ca82",
        "implHash": "6a6eeaebc1c8a1e6395cda7152f0d6b8e2960a9a01296da87902be7f37585c2f"
      }
    },
    "CallForProposal": {
      "version": "3.0.0",
      "fingerprints": {
        "structureHash": "b649cc65b760a2638b0c1208ab6b352f80d8265aff9f73606045494ffd1d6875",
        "schemaHash": "4f9f4b174f28486e6e78bfc899421efbbca51c77b7407c7a13f4f41e7d5bd324",
        "implHash": "df6fdf958488e632e9684efb656438dd99b85d67a0135c3aaa6b145452fcaeb4"
      }
    },
    "TaskExecutionLegacy": {
      "version": "0.1.1",
      "fingerprints": {
        "structureHash": "01911d35016f64476a575e146f41948fa59adc9a34017698af0ca82ae289281f",
        "schemaHash": "21b81feb8eddceb596f9a7440f752f4c88125168661be87c564d13c0cdcb6031",
        "implHash": "29dcfca63652a985ae678e2006127aaec844e84cf23e05c70f89275e1fb3fc44"
      }
    },
    "TickCycle": {
      "version": "0.1.0",
      "fingerprints": {
        "structureHash": "423a3610183cbb0a4b8281ae6eb95e241d6f89793c0d737f25b91525b1aeef9f",
        "schemaHash": "b3670adca07f8fb877caac8ff31ae8d1b3f2eb6adc675fa95bc36d52bac42f85",
        "implHash": "b4144d788da86c4b1e8d5dd61cc5d3eb519a562db35fd97e30f75cb4063994b8"
      }
    },
    "ExploreRegion": {
      "version": "0.1.0",
      "fingerprints": {
        "structureHash": "5f65a0f864c70a2aff85d16e0cd0070f0b64200721194ab7234647ec98866455",
        "schemaHash": "cbc767ec08fdc6947227e56849704fe2455e7097378e2834ff742b42d4c4d35f",
        "implHash": "d42a3a3bf345b032a8d13e70545892ef171d57b0e902470f30bd0edfd11df364"
      }
    },
    "CollectResource": {
      "version": "0.1.0",
      "fingerprints": {
        "structureHash": "d792b80a1579c568815a4377f0f25bad4500fca9f958d9ac426fdbb0b43bf97f",
        "schemaHash": "4a44255e6379a720828556ac501560561f1c6a9490b5a47f946a1d603fbe4007",
        "implHash": "aa3dcbb2a6e2d76c144e1bc3d617d60b00b2af937c3d51c22e222545ab9e4353"
      }
    },
    "TeamStrategy": {
      "version": "0.1.0",
      "fingerprints": {
        "structureHash": "789f40363275402a3837d410f0fe9d75087247cd28b8c8c54436e314c0b1519f",
        "schemaHash": "e3b0c44298fc1c149afbf4c8996fb92427ae41e4649b934ca495991b7852b855",
        "implHash": "e1fc46ec7e6cb647e5b56ac6e073b6c8038b2e563c66a011ce2bf271a8fd02aa"
      }
    },
    "DefendPosition": {
      "version": "0.1.0",
      "fingerprints": {
        "structureHash": "88acd65d233ed1ec98df144306eedcfd0151bd7b5348d03852fe62376f73683c",
        "schemaHash": "c3ab4ee228287dc80d44cd7ee44819293e0b1ddd0cefcf8648cb7e0800145286",
        "implHash": "e29aa5f515051af42cfb39ec11329c1935af4697671af90e434110cd10ea6d6d"
      }
    },
    "SurvivalOverride": {
      "version": "0.1.0",
      "fingerprints": {
        "structureHash": "f1e5883192a3b5ff4fc43c0eb331cd3c9f5e18d33b9cad5af40a25e536902c34",
        "schemaHash": "a02bc79e78cdfc4caa242a3f6f53ea1126b8de205f5bd701b670ebb192524b73",
        "implHash": "c8c7b3990a7baf3002ad71b2e13a1b8e0f695e5907aafa6210d484b692df1026"
      }
    }
  },
  "roles": {
    "CommaRole": {
      "version": "71.0.0",
      "fingerprints": {
        "playsHash": "0a09348f33f91b7b18b59363e60341b9bbe95eb41059a12b8bb88a1c49af4331",
        "behaviorHash": "6c9a6242fca2132097085defabab7de2d62f526f498be33d020ef4d1c8ea4c4a"
      }
    },
    "SiaRole": {
      "version": "42.0.0",
      "fingerprints": {
        "playsHash": "26ceab6dc0d4f40e25f92f109ea3e9fb669de76ab6f3bd03082d8ae4dc1cfacd",
        "behaviorHash": "90d1d22e125fdbed9a3af8dc227859c7d65a22e6f61a23a44c9bf8360e17026a"
      }
    },
    "BrowserRole": {
      "version": "2.0.0",
      "fingerprints": {
        "playsHash": "9cbfdfdd8b82d806b9c3ec536b5659ccce75f7dd767927b0544cbdecbb232d7b",
        "behaviorHash": "7351d94cc4999ec93355245432dd7df7da23c97bd99c8ca3144d5127aa8fe434"
      }
    },
    "ServerRole": {
      "version": "2.0.0",
      "fingerprints": {
        "playsHash": "c49fce7c14d2396f8d7c6668ab9bbd9c23be6323599990b93ca04de179787a91",
        "behaviorHash": "755d69279f7cc97360f317ce0d189cb20b39ffab1f60d3252f985094a44c16a2"
      }
    },
    "ClientRole": {
      "version": "20.0.0",
      "fingerprints": {
        "playsHash": "a872fc47c7a7206e5332071a8eb14a07039d41c82fe8e1d517ea580394efb81c",
        "behaviorHash": "ba2d5f0c39c95f3dc5d75d0d68fa0fa458620ea57244b4274d28da02e160c318"
      }
    },
    "HandlerRole": {
      "version": "2.0.0",
      "fingerprints": {
        "playsHash": "aa7184d4d6b40e527ecd7c10a5fe441641961dd6f94c36bb0eed909b9a8d4ea3",
        "behaviorHash": "730827edea47fb29bc679948c4ee401e1bfd419681a83ec8b2258299db79c10b"
      }
    },
    "PollerRole": {
      "version": "2.0.0",
      "fingerprints": {
        "playsHash": "7b0730a4a139209ef5556014bac28696793b88cf001d96dd6f911a3762a70bb9",
        "behaviorHash": "aa1484be716c8e03845643fc31bcbaf57d16ad58280313be37a65c50579a9f31"
      }
    },
    "ResponderRole": {
      "version": "19.0.0",
      "fingerprints": {
        "playsHash": "dbe66ccbf77e4f19276924d58db5ec82337530239e373bdd41acc4b374d2ee72",
        "behaviorHash": "11631f9d8327d6f9c838c87381a0fed56b47569a43561372fa164294f1dc166b"
      }
    },
    "CoordinatorRole": {
      "version": "20.0.0",
      "fingerprints": {
        "playsHash": "eb65870da7788c774d5bae0996fee75b45cdded252603b118ecf7013163e17f3",
        "behaviorHash": "995b644300b189b4641ffd1df5e563f14cd2a0ceeeb1133c867698328de1ca21"
      }
    },
    "WorkerARole": {
      "version": "2.0.0",
      "fingerprints": {
        "playsHash": "0a8750d63009b307426a0856a40895ddebf977e874c7865738681a19cc845836",
        "behaviorHash": "2dedb6e4e9d2db514e5b44f18adff9db8805956e9c1b1202b7bfa8c136b8b022"
      }
    },
    "WorkerBRole": {
      "version": "2.0.0",
      "fingerprints": {
        "playsHash": "83a68f494b422ea1b650b2119103d2d25e7c47f3894684cc5e05a9457a6ebddb",
        "behaviorHash": "2dedb6e4e9d2db514e5b44f18adff9db8805956e9c1b1202b7bfa8c136b8b022"
      }
    },
    "SenderRole": {
      "version": "2.0.0",
      "fingerprints": {
        "playsHash": "0db421d5b9c8b25e933d979f1f7d3aeea18487c1f9f51ae3e9da2e7bb87117bd",
        "behaviorHash": "f7154e029490bf5da3b6c2934eb6bcd1e5283bb0d22b0e131362aaabbbda98c0"
      }
    },
    "ProcessorRole": {
      "version": "2.0.0",
      "fingerprints": {
        "playsHash": "5d71b1f0f27e6f715b92bda853280d53355276d85027d35d217f5bb88da5962c",
        "behaviorHash": "afea9621a8a309f743afaa1c27ba7c4bc5627a5a7378193312fc6442cd832499"
      }
    },
    "CallerRole": {
      "version": "2.0.0",
      "fingerprints": {
        "playsHash": "5e68a50de192a58075b02ffcd650a4f5a40a14488857f94e4fb14bd0a06c737c",
        "behaviorHash": "1404265da437e516a0b3fe13a2e06bd8ef62e15aec69b33eb430a8bc32a4f527"
      }
    },
    "OrchestratorRole": {
      "version": "2.0.0",
      "fingerprints": {
        "playsHash": "d09664e9c0fc7e2378ed44059e8b8082ad8e1d695726ce6db301e349b8fd83bb",
        "behaviorHash": "dd7cccb581752e52a3a3941823c7522ca72e6d025d6ac0c6617902d069b212de"
      }
    },
    "HelperRole": {
      "version": "2.0.0",
      "fingerprints": {
        "playsHash": "587c8a080b7baa4b154f8657d6a6251cacac471a40c62bcff10be3e235657a25",
        "behaviorHash": "12c20c8cd8bd2cd15c641a4709e239bec5160f5f79b6a768a820c5a3e7bb20d6"
      }
    },
    "TsRole": {
      "version": "2.0.0",
      "fingerprints": {
        "playsHash": "95b39b3fc9b2c7902979c919b77189427b5d6181494cffa1486c2c256ab0a639",
        "behaviorHash": "bce259d25a91f4eefc933b7b951ee5fb6e3356aa14ac695fea0dc20b39486763"
      }
    },
    "PyRole": {
      "version": "2.0.0",
      "fingerprints": {
        "playsHash": "bd46026ed002b35c5d8c47c69648c7516d544a4609470d19edfb513b828e15fd",
        "behaviorHash": "3738b034a36a3bee10469f1d5d40bd0c1d3d2f868ee600043518215d15a3087e"
      }
    },
    "BaseMonitored": {
      "version": "5.0.0",
      "fingerprints": {
        "playsHash": "08bb2af697bbb8e5d25a71c1aaaa0e9f345143ddfbeaf2fa094ca5cb0d294899",
        "behaviorHash": "7246bd57418d671816112a85ae12c0f2a2c9312dc9ba96c027adaabeb9d7a4d0"
      }
    },
    "WorkerRole": {
      "version": "29.0.0",
      "fingerprints": {
        "playsHash": "590ddfae9d3d4f2292e53e5c25e145dad97c1817884b588aabe062ae8485f6bd",
        "behaviorHash": "11631f9d8327d6f9c838c87381a0fed56b47569a43561372fa164294f1dc166b"
      }
    },
    "DispatcherRole": {
      "version": "5.0.0",
      "fingerprints": {
        "playsHash": "599b95c0e61d36b779b5a9297f04a7a7bee3c1264f21b26115956619ae381031",
        "behaviorHash": "b896f9a93934f0972ca028c3432607ba47ddcffd23f8f3213378b63ef017df85"
      }
    },
    "MonitorRole": {
      "version": "5.0.0",
      "fingerprints": {
        "playsHash": "e9237d5825e412a79bf1a3a2aa216335a66b4a909c79fd25d15811cb5d2e7685",
        "behaviorHash": "440817a688e622a6a0112cdf2dcfe55fdf457fae10cf7a848a9a73e24c1786a0"
      }
    },
    "BuyerRole": {
      "version": "2.0.0",
      "fingerprints": {
        "playsHash": "3d47ef8278e11ac07632bb073e9098f0ec445315dca61d8d9e5cba843efb333b",
        "behaviorHash": "578289fed3c70dc78b8e58df54735401114b83be59a9a6bf2fa46bbf003fc6d8"
      }
    },
    "SellerRole": {
      "version": "2.0.0",
      "fingerprints": {
        "playsHash": "66b03882da75fbf937db1d2a8bec53fb8267c90b9229d70bfe2de029d4547292",
        "behaviorHash": "11631f9d8327d6f9c838c87381a0fed56b47569a43561372fa164294f1dc166b"
      }
    },
    "EntityRole": {
      "version": "0.1.0",
      "fingerprints": {
        "playsHash": "a0547bbef312f768db15a6d92ad0e2e8f05f7d2b91a87c5cae3bbbbf08cde15d",
        "behaviorHash": "4032add48675e02210a76ada36824171fc206e6b6d3e5da37ce5c6bc05bc9334"
      }
    },
    "ScoutRole": {
      "version": "0.1.0",
      "fingerprints": {
        "playsHash": "6237c509d06b64395a9c3d8aca562b92b7d1098acb82019c8abd939bf15eb00a",
        "behaviorHash": "84290ec2d47b774d3c892e922007b52b107c48be5a0f5e0f921c3df495895d42"
      }
    },
    "CommanderRole": {
      "version": "0.1.0",
      "fingerprints": {
        "playsHash": "d23c1a4c87a91cf4e9d51615da45c559a73b613c911a306133607ea124ab3261",
        "behaviorHash": "cc1944d9b68fe952f11303a84dfb5b7bdc6385ac19fb17629ec1c021060c5f56"
      }
    },
    "GathererRole": {
      "version": "0.1.0",
      "fingerprints": {
        "playsHash": "d1c195c34213478b36f40a3c7dcbf4824b19eb2fd2f8e1780de577e3bb0352da",
        "behaviorHash": "517b16f99572eeacd343989dab73eb8f4321979957d0948830728acd96398da9"
      }
    },
    "StrategicCommanderRole": {
      "version": "0.1.0",
      "fingerprints": {
        "playsHash": "489890be5f99b0c1bc55108cad1ebcc5f5186e563a4a39001f5abaad72160047",
        "behaviorHash": "cc1944d9b68fe952f11303a84dfb5b7bdc6385ac19fb17629ec1c021060c5f56"
      }
    },
    "FighterRole": {
      "version": "0.1.0",
      "fingerprints": {
        "playsHash": "4795e71ad277a72a79665112097a76fef3abd81e16d23c1445c402f704602e89",
        "behaviorHash": "2902a058b154f695dc45f8791c97d24d1210544c065888563c44fc888dc97f2c"
      }
    },
    "UserRole": {
      "version": "35.0.0",
      "fingerprints": {
        "playsHash": "f0b9c4deef905845e6c4cc2daea50489175273a84a64f03602c3d9ebd82dbce5",
        "behaviorHash": "11631f9d8327d6f9c838c87381a0fed56b47569a43561372fa164294f1dc166b"
      }
    },
    "Worker1Role": {
      "version": "1.0.0",
      "fingerprints": {
        "playsHash": "9d855ef7461f2c0bd72be523b7252d802ad6b799d9e93cb5613e85f6e095aa84",
        "behaviorHash": "11631f9d8327d6f9c838c87381a0fed56b47569a43561372fa164294f1dc166b"
      }
    },
    "Worker2Role": {
      "version": "1.0.0",
      "fingerprints": {
        "playsHash": "4b4f0c2f684cdb1f1011c813c97a05d63b6785a39a627acaf2c800712d7d8656",
        "behaviorHash": "11631f9d8327d6f9c838c87381a0fed56b47569a43561372fa164294f1dc166b"
      }
    },
    "PlannerRole": {
      "version": "1.0.0",
      "fingerprints": {
        "playsHash": "a234b0538077c08a3573901a742ece13f1acfba8ed06873e37c68735afb296d2",
        "behaviorHash": "11631f9d8327d6f9c838c87381a0fed56b47569a43561372fa164294f1dc166b"
      }
    },
    "LlmbrokaRole": {
      "version": "1.0.0",
      "fingerprints": {
        "playsHash": "ef9e009460ba707ad334b4d88cba40cd689e56b416dabe3c0327640bb5b053b3",
        "behaviorHash": "90d1d22e125fdbed9a3af8dc227859c7d65a22e6f61a23a44c9bf8360e17026a"
      }
    }
  }
}
