{
  "protocols": {
    "TaskDelegation": {
      "version": "1.0.0",
      "fingerprints": {
        "structureHash": "162060defe520c9399dc4ed55d78d7659b71994ab16e70db775ab9629e64bae1",
        "schemaHash": "fad2d2fbb6bf5cbeb6f6684de46972d3f0ebbea1ea95a50065279b84a75a92de",
        "implHash": "732e4d7df6e8da578405d47110baeba0c4753e83da9fc571f99c037818745446"
      }
    }
  },
  "roles": {
    "HumanRole": {
      "version": "1.0.0",
      "fingerprints": {
        "playsHash": "94954ba1a5311d242f405752848a8a4b5f03a801a35f7701905f154258e3d3ae",
        "behaviorHash": "11631f9d8327d6f9c838c87381a0fed56b47569a43561372fa164294f1dc166b"
      }
    },
    "WorkerRole": {
      "version": "1.0.0",
      "fingerprints": {
        "playsHash": "65ab2219d3933746a8b7b4a97a01abcc7514842df8568d7fada0554bde0500b3",
        "behaviorHash": "11631f9d8327d6f9c838c87381a0fed56b47569a43561372fa164294f1dc166b"
      }
    }
  }
}
