{
  "protocols": {
    "TaskExecution": {
      "version": "1.0.0",
      "fingerprints": {
        "structureHash": "849553e07db67ebdf2260d62bf5881e071cf9ee9eebdb28623bf27ed08a8fbdd",
        "schemaHash": "3ff741769ea2af2c94ab665342ce44cb8474c89539c481b8ab462ceb042038e8",
        "implHash": "bdbae3ab2ce81c50d80b77ffee5859e8378f27552920b4599ac4682a91a8f484"
      }
    },
    "TaskExecutionBasic": {
      "version": "0.1.0",
      "fingerprints": {
        "structureHash": "01911d35016f64476a575e146f41948fa59adc9a34017698af0ca82ae289281f",
        "schemaHash": "21b81feb8eddceb596f9a7440f752f4c88125168661be87c564d13c0cdcb6031",
        "implHash": "776d1f7acdb287b85ff11d0f88ccfa86b6e7871d875acab44305bbfcc71eb327"
      }
    },
    "AwaitTimeoutAlt": {
      "version": "0.1.0",
      "fingerprints": {
        "structureHash": "187718fdb749868ce2f3681150042183a46dd9a521e9a49661c771c25fb2506b",
        "schemaHash": "b4b468dce867d440078b91f987672e1805f52e137ceff63f2831c6edd844739a",
        "implHash": "9d35bf8a66530806a7056db809dfe719d5c29b9ef51b8beaaa23d68a35f402e2"
      }
    },
    "LoopRetryBackoff": {
      "version": "0.1.0",
      "fingerprints": {
        "structureHash": "2ea8954286b26f2a65ac1d2a25694970a5e9053f5aef2b3df30f2c61309aab39",
        "schemaHash": "5ebe31072521e3c4474d0f41799505f02356d47a777afa2172a43667271b5092",
        "implHash": "7ee46b8f54ab12f7bfe28bf9607790e17a78b4bba1f54227cf99491b8e7c2ee4"
      }
    },
    "ParallelSubtasks": {
      "version": "0.1.0",
      "fingerprints": {
        "structureHash": "2af9f94636f6a2684b14de86e3f3f64df508aee6eae4b5b7429017580f1ea88e",
        "schemaHash": "8c6125df20a1350af9420d644cbbbbd5947228645c78e88869e9d0802390ca82",
        "implHash": "1d6929e5eb2999eb0b70cae4e6faf5e8655c8abb85fd7aca4afd4d9f4463c004"
      }
    },
    "SpawnSubagent": {
      "version": "0.1.0",
      "fingerprints": {
        "structureHash": "c365e054a26e36abf7b933d44282796d54b7a5c636e08ac34590dc3b5c3a4812",
        "schemaHash": "ca75649d048071f4cb9be62fd6dfcb215a27c49372760d1a8f687d15aa1f8401",
        "implHash": "3ed404a3059dbd148353220e433052e61f08dc86370b7d41f626fae7363269e8"
      }
    },
    "ExceptionAbortCompensate": {
      "version": "0.1.0",
      "fingerprints": {
        "structureHash": "2bc8e2c15f614b399259f76c5c68ad4d8fe8e25def311af4ac33798f8e827235",
        "schemaHash": "8bf1024eb317a7ace61eb76c1e56b8284dc865164354a9740bfb996078bc57a5",
        "implHash": "a57c68f6b5849f1d598fb644cd96946d723444683f4ee4727a846e70f2e77066"
      }
    },
    "DeriveDsiBsi": {
      "version": "0.1.0",
      "fingerprints": {
        "structureHash": "075bd4a0778079275c6c058cacf873254a679da9b91628582022e94e29d02541",
        "schemaHash": "e3b0c44298fc1c149afbf4c8996fb92427ae41e4649b934ca495991b7852b855",
        "implHash": "5b41dd44480c7ea9ffe4d0da0a33bc53f0c393ea344504773293ed8c88cfd8a3"
      }
    },
    "TaskExecutionWithChild": {
      "version": "0.1.0",
      "fingerprints": {
        "structureHash": "93bfe0b01fc0a3f5831ab9a5e4904e000943bd9f6a979e5d0820dba23cb936e8",
        "schemaHash": "3ff741769ea2af2c94ab665342ce44cb8474c89539c481b8ab462ceb042038e8",
        "implHash": "74f66d7178e1c023c8b134d8f71f0b397f55d58c1ad5c347f27706eee06c0667"
      }
    },
    "TaskExecutionWithImport": {
      "version": "0.1.0",
      "fingerprints": {
        "structureHash": "884d148292e30f08e94c04c5bc4e51d0da079098d4f6552526fc88dbd501bfe1",
        "schemaHash": "3ff741769ea2af2c94ab665342ce44cb8474c89539c481b8ab462ceb042038e8",
        "implHash": "cc1e48980f0842853bd5cad1fe091081898dfff6cce67e99568eab5388c80aa1"
      }
    },
    "TaskExecutionWithMultipartyChild": {
      "version": "0.1.0",
      "fingerprints": {
        "structureHash": "e112bf69cf8625fa9003dd6a675b5be40f5266031da9c139911e57bae94fb514",
        "schemaHash": "aa9cda3f6da6cbebfb2ae776e859bada96fdec5699c9336bcf3c285d8d25725b",
        "implHash": "77f1dc7ff6eab8e355391b4cdfe93bdb206eaa159b4ea51b3c786824655f01ab"
      }
    },
    "TaskExecutionFromEvent": {
      "version": "0.1.0",
      "fingerprints": {
        "structureHash": "69ec8a761b17e1f3d42db3164218c7522780965493d9b9e0cedff2140401fee9",
        "schemaHash": "c94ac52370720d4b20dbb262a6c149223fc9374e3c0e119c19940183369c07bf",
        "implHash": "6ac28a3bb4276de81222e486a4fb8c0853c713c85953c232ebe2d2b3a7ace165"
      }
    },
    "CommaAsksLlmAndReplies": {
      "version": "0.1.0",
      "fingerprints": {
        "structureHash": "281a2907069d9761f9a93db238b6bc22d4776651b6c5003df265fcad0fba9077",
        "schemaHash": "7e381ea1bf16b01c0308a63e3303e82e6bc9aa580e295e95472b7e604a73b606",
        "implHash": "46c5bf92001d45dc4f3468cea80aa9c2feedb319760f1b49562efd949bb06cd1"
      }
    },
    "HealthCheck": {
      "version": "2.0.0",
      "fingerprints": {
        "structureHash": "6c863f0544ad814ed299a27a261f689f3c22ba4e62bc781019a472e9e2604439",
        "schemaHash": "4ab1b58940301b8acd55f43b1bcbbdfaccf4159a4ee2bb684afb9d11e9404018",
        "implHash": "15aefc1748b94b3dac9994de362b1147671e0888605dd2777dd214dd37bfda51"
      }
    },
    "CrossLangDemo": {
      "version": "0.1.0",
      "fingerprints": {
        "structureHash": "71d823292c9af46ae6c5c796708c1053f5720a139f266a51aba596460ade1e2f",
        "schemaHash": "91225ee290ec3a9e58f6c2fb33891c67fdd0b0fdcc32dd20c5a7d288faed99fc",
        "implHash": "b89ae8d92f61b32a1f8d1af69a3d2adc6d14e4afe550977d718349459788f39b"
      }
    },
    "TsDemo": {
      "version": "0.1.0",
      "fingerprints": {
        "structureHash": "75f0826ac56456b4caa3b7a9e52fcea5e63d8fe0757b3dfc85bdf7d3311f3463",
        "schemaHash": "91225ee290ec3a9e58f6c2fb33891c67fdd0b0fdcc32dd20c5a7d288faed99fc",
        "implHash": "fb4a7b0ba6a8be5353190ff11d03ecddf6a465b1515a2d246dd3806b0bfd87f8"
      }
    },
    "LoopWaitDemo": {
      "version": "0.1.0",
      "fingerprints": {
        "structureHash": "32b611bcf1aed8a2071bebbe0e9a49f48ade4eaefb78468d8233d4a8ab8a6d18",
        "schemaHash": "8b388792b6e99d4cc071c0e21653a3c70a550ac008ae13dbd50897689c689a49",
        "implHash": "11872d568bfb6f62cbf32740927a58cf6d7a3f46378ef935a852ba0aec39faa8"
      }
    },
    "ParDemo": {
      "version": "0.1.0",
      "fingerprints": {
        "structureHash": "d2fac41295cf2a6bdce86f98b25c172f74e575ae23267e1a9054fca96f2734ea",
        "schemaHash": "c4f91c4ce4cb60ad11853016042bc74c93236aab14f530e7602457fb53bfbe4a",
        "implHash": "a0d016a48a24d2e0d064674a7d32bc295c1d6bb7df7eee8de92f46fe72c10521"
      }
    },
    "TryCatchDemo": {
      "version": "0.1.0",
      "fingerprints": {
        "structureHash": "bcee1b17024896cdc164d157cfc12b2cf33be88a9572b5eee8723daeaf024068",
        "schemaHash": "5f820fe374633d60719ae594bc675b225a0bfaf011f72203bd1f8857a096e135",
        "implHash": "d16b4f43e6bff985a937dcb93e77312a15f9c2d0a6f8b62cf71b8dee6756defb"
      }
    },
    "ComputeSquare": {
      "version": "0.1.0",
      "fingerprints": {
        "structureHash": "f80c2de181c1fe0c44f9ddad622b67a344552d3676b560c48dc7679ef687fa5c",
        "schemaHash": "e3b0c44298fc1c149afbf4c8996fb92427ae41e4649b934ca495991b7852b855",
        "implHash": "0c345ec1100054ce1ac45d7131deb38322b558ad59ee407caeb00fb3a1bfe137"
      }
    },
    "InvokeDemo": {
      "version": "0.1.0",
      "fingerprints": {
        "structureHash": "4a061b1a788075f188c4d94ace03e9ad338a65e95430c16a10dcbca7671528c1",
        "schemaHash": "38619be48e8c92713d985a46f3a64c2d864543de5ddcf289f0024992d97e89f1",
        "implHash": "b0c700c1c1b586e340d3e8db8bb767cedc19724ceb82a8b4ffc000e4af157d19"
      }
    },
    "BackgroundTask": {
      "version": "0.1.0",
      "fingerprints": {
        "structureHash": "f80c2de181c1fe0c44f9ddad622b67a344552d3676b560c48dc7679ef687fa5c",
        "schemaHash": "e3b0c44298fc1c149afbf4c8996fb92427ae41e4649b934ca495991b7852b855",
        "implHash": "6d3463704f7692d057e903023b59edd1b4710a406f60a7825318ec849f8c828b"
      }
    },
    "SpawnEmitDemo": {
      "version": "0.1.0",
      "fingerprints": {
        "structureHash": "1efe4f46d27f7d4beedd8d9c65f19354ae15a01c8c182d4beb49a97a6250ad1f",
        "schemaHash": "9697e5f70fda03c84bdca3be81d2820c296901e4625f462fe3d238731765b440",
        "implHash": "855c6be76236287e078d6e497304538115455250b377d308ed33eb52ebe2d6f4"
      }
    },
    "CrossLangE2E": {
      "version": "0.1.0",
      "fingerprints": {
        "structureHash": "195cb71074986958fd07361ca1978163ba2c008a8c1e48db32394507b6bbf4af",
        "schemaHash": "a89f7e4dd65f1129a20f16db3ba04c04e36c3a75df9ccc5c85d7e583322eec10",
        "implHash": "5c80e6c81dfca5231a5d540dcbeccee4c142ac05d7614ff2b548e44010df97e9"
      }
    },
    "TaskProcessing": {
      "version": "1.0.0",
      "fingerprints": {
        "structureHash": "34e75a52967bea85a7eaea875a13756c2ca39b44e69781293d89238348e70de4",
        "schemaHash": "62a3629ef9e82183f520e42d013626129661bc6d239e4699136e8d24f7548524",
        "implHash": "4ca79f23158aa56a877d81140069e6e832a9c7552339ef14f1a2a9997bed9295"
      }
    },
    "ScatterGather": {
      "version": "0.1.0",
      "fingerprints": {
        "structureHash": "def605e4f59e93b0afd363df04740b12f28d6789928ceae7f706a12aa9d07a9d",
        "schemaHash": "8c6125df20a1350af9420d644cbbbbd5947228645c78e88869e9d0802390ca82",
        "implHash": "5b9ce7a4af9f73809b5a8e6e841ee2da0533deef00c53bbe5b859177a441280f"
      }
    },
    "CallForProposal": {
      "version": "0.1.0",
      "fingerprints": {
        "structureHash": "a422adeeeb01b490189107c74145d735055b12b93f6df1981f20bf5740d7e22b",
        "schemaHash": "4f9f4b174f28486e6e78bfc899421efbbca51c77b7407c7a13f4f41e7d5bd324",
        "implHash": "503b7d0d9b8012f688a3cdfa148db9351acf50b9f5098b7c55b14f27aed6e564"
      }
    },
    "TaskExecutionLegacy": {
      "version": "0.1.0",
      "fingerprints": {
        "structureHash": "01911d35016f64476a575e146f41948fa59adc9a34017698af0ca82ae289281f",
        "schemaHash": "21b81feb8eddceb596f9a7440f752f4c88125168661be87c564d13c0cdcb6031",
        "implHash": "8503bb61c8c82a8557f3b01b2e69c61bef193807312e6d87ceccc908f7cc2357"
      }
    }
  },
  "roles": {
    "CommaRole": {
      "version": "1.0.0",
      "fingerprints": {
        "playsHash": "c1ebfa09d085bb379a098f050b87cf4193b64714849da7c36480462d18cdc6da",
        "behaviorHash": "6c9a6242fca2132097085defabab7de2d62f526f498be33d020ef4d1c8ea4c4a"
      }
    },
    "SiaRole": {
      "version": "0.1.0",
      "fingerprints": {
        "playsHash": "72a38df7df09a01c41673fff3ffe5ccd0fa04ce43a45ae345acb789489873124",
        "behaviorHash": "90d1d22e125fdbed9a3af8dc227859c7d65a22e6f61a23a44c9bf8360e17026a"
      }
    },
    "BrowserRole": {
      "version": "0.1.0",
      "fingerprints": {
        "playsHash": "364697cca901b3e5495397d4392aeb599a892842445a4c896294a0af84b622c1",
        "behaviorHash": "7351d94cc4999ec93355245432dd7df7da23c97bd99c8ca3144d5127aa8fe434"
      }
    },
    "ServerRole": {
      "version": "0.1.0",
      "fingerprints": {
        "playsHash": "ffae5e4eb427281db1647e580311fe44a7a036dbd1fd20b04a5fb5bf29c38c00",
        "behaviorHash": "755d69279f7cc97360f317ce0d189cb20b39ffab1f60d3252f985094a44c16a2"
      }
    },
    "ClientRole": {
      "version": "1.0.0",
      "fingerprints": {
        "playsHash": "b76f597652948f594cc416cc68440db056a7ab1fcb88941d40a88baca107c85d",
        "behaviorHash": "1d94d231fa3a852cb62d7479767f8b0ba72d50c2f14841c94594c9e1cc10ae1b"
      }
    },
    "HandlerRole": {
      "version": "0.1.0",
      "fingerprints": {
        "playsHash": "cc68444ce3f3dbbd7941ecb8c07997420586ac4039b50d3a0e47e14fb9eaeb0a",
        "behaviorHash": "730827edea47fb29bc679948c4ee401e1bfd419681a83ec8b2258299db79c10b"
      }
    },
    "PollerRole": {
      "version": "0.1.0",
      "fingerprints": {
        "playsHash": "73aac3a9a045c5a8640a47f6384e87b00fb6c278296ddcb5fc7f2b1c14ac6a72",
        "behaviorHash": "aa1484be716c8e03845643fc31bcbaf57d16ad58280313be37a65c50579a9f31"
      }
    },
    "ResponderRole": {
      "version": "1.0.0",
      "fingerprints": {
        "playsHash": "a510b51c13195b0bac9860cc7e98443422e6fa788519adf2ec959b6cc11fbd0c",
        "behaviorHash": "11631f9d8327d6f9c838c87381a0fed56b47569a43561372fa164294f1dc166b"
      }
    },
    "CoordinatorRole": {
      "version": "1.0.0",
      "fingerprints": {
        "playsHash": "ce296cb2d6edeb3ca7f91bdf2349d5881fd8b1485f5d1cdc77e7110e45e58ff3",
        "behaviorHash": "995b644300b189b4641ffd1df5e563f14cd2a0ceeeb1133c867698328de1ca21"
      }
    },
    "WorkerARole": {
      "version": "0.1.0",
      "fingerprints": {
        "playsHash": "04d8e3527d9eb76442a1cb3bb6fa1061d1a9792852ad1be656517bac28cbd2f8",
        "behaviorHash": "2dedb6e4e9d2db514e5b44f18adff9db8805956e9c1b1202b7bfa8c136b8b022"
      }
    },
    "WorkerBRole": {
      "version": "0.1.0",
      "fingerprints": {
        "playsHash": "3cf948aa5cf6313b43a1986be0eaa2c0e4ece7bcc54ae39030ea4a42226ab57e",
        "behaviorHash": "2dedb6e4e9d2db514e5b44f18adff9db8805956e9c1b1202b7bfa8c136b8b022"
      }
    },
    "SenderRole": {
      "version": "0.1.0",
      "fingerprints": {
        "playsHash": "3361a2c04f60901572c10bbeda66db860ceec56385beef34fbba39ce24f418c3",
        "behaviorHash": "f7154e029490bf5da3b6c2934eb6bcd1e5283bb0d22b0e131362aaabbbda98c0"
      }
    },
    "ProcessorRole": {
      "version": "0.1.0",
      "fingerprints": {
        "playsHash": "09e431c7f91a4ebffc2fab6f8f1ebd1496292a98584e4db41cee9107e068b3b0",
        "behaviorHash": "afea9621a8a309f743afaa1c27ba7c4bc5627a5a7378193312fc6442cd832499"
      }
    },
    "CallerRole": {
      "version": "0.1.0",
      "fingerprints": {
        "playsHash": "197526ef85a6673608bf655bb08915d9759f5186c7ace58273ce27c5a694eaf1",
        "behaviorHash": "1404265da437e516a0b3fe13a2e06bd8ef62e15aec69b33eb430a8bc32a4f527"
      }
    },
    "OrchestratorRole": {
      "version": "0.1.0",
      "fingerprints": {
        "playsHash": "903ca1e33a21fea2effba45fa2b043ac04608497dc53b665a645294d69c708da",
        "behaviorHash": "dd7cccb581752e52a3a3941823c7522ca72e6d025d6ac0c6617902d069b212de"
      }
    },
    "HelperRole": {
      "version": "0.1.0",
      "fingerprints": {
        "playsHash": "402460e82b09806953ebd79ef2991d2043e85b0d7408338eeb6e99a67dede4d6",
        "behaviorHash": "12c20c8cd8bd2cd15c641a4709e239bec5160f5f79b6a768a820c5a3e7bb20d6"
      }
    },
    "TsRole": {
      "version": "0.1.0",
      "fingerprints": {
        "playsHash": "6187a2b212a505127ae62c08e9e7fac526dc8ca24b985e70466472068bdfa928",
        "behaviorHash": "bce259d25a91f4eefc933b7b951ee5fb6e3356aa14ac695fea0dc20b39486763"
      }
    },
    "PyRole": {
      "version": "0.1.0",
      "fingerprints": {
        "playsHash": "5fd08edda8d615b8f1adc31388d1b15a5bb4ce8fc1cc0c1ee1800aa0d4734b5d",
        "behaviorHash": "3738b034a36a3bee10469f1d5d40bd0c1d3d2f868ee600043518215d15a3087e"
      }
    },
    "BaseMonitored": {
      "version": "0.1.0",
      "fingerprints": {
        "playsHash": "696fb96cf8851fcf98d1819a4d1118e663661c349c4f9b0dbe5e893933e0fdaa",
        "behaviorHash": "7246bd57418d671816112a85ae12c0f2a2c9312dc9ba96c027adaabeb9d7a4d0"
      }
    },
    "WorkerRole": {
      "version": "2.0.0",
      "fingerprints": {
        "playsHash": "4d54b72529259e93121f752edb404bafb9427978f0f71071caa4480ba50da71d",
        "behaviorHash": "11631f9d8327d6f9c838c87381a0fed56b47569a43561372fa164294f1dc166b"
      }
    },
    "DispatcherRole": {
      "version": "0.1.0",
      "fingerprints": {
        "playsHash": "d498c2ba655ad7e5d93767b8a53d1dcb8373a97c25a99bafab65d4f1970a3e63",
        "behaviorHash": "b896f9a93934f0972ca028c3432607ba47ddcffd23f8f3213378b63ef017df85"
      }
    },
    "MonitorRole": {
      "version": "0.1.0",
      "fingerprints": {
        "playsHash": "70f3fec3e66632d4b270b94b5e00f8fbace2d0e57107f5ba4099ca383a689b81",
        "behaviorHash": "440817a688e622a6a0112cdf2dcfe55fdf457fae10cf7a848a9a73e24c1786a0"
      }
    },
    "BuyerRole": {
      "version": "0.1.0",
      "fingerprints": {
        "playsHash": "a24865d676494bea25b52e0f2a12feb3eaaee123c31d2254efffede1e1f192ac",
        "behaviorHash": "578289fed3c70dc78b8e58df54735401114b83be59a9a6bf2fa46bbf003fc6d8"
      }
    },
    "SellerRole": {
      "version": "0.1.0",
      "fingerprints": {
        "playsHash": "7692bee19cf887dec71a4db97d9bd5c6f6687b636d2840f3d2131a28d540f1ae",
        "behaviorHash": "11631f9d8327d6f9c838c87381a0fed56b47569a43561372fa164294f1dc166b"
      }
    }
  }
}
