{
  "protocols": {
    "Auction": {
      "version": "0.1.0",
      "fingerprints": {
        "structureHash": "be8f730b6c7d481aca5af0de4245980865ede78e4746eda02fe2307b7f39bfc8",
        "schemaHash": "94e14fc869c90741f844af7799959f8b86663f3f944517d294e214ee02507c48",
        "implHash": "1175bf28ed921d78419e6075288ec07100ab65a36baddb32ad54f5daf42f428b"
      }
    }
  },
  "roles": {
    "SellerRole": {
      "version": "0.1.0",
      "fingerprints": {
        "playsHash": "71e9167fdcf4a959d7715d85847775d32b397b9f93317d540677a01560b24f1d",
        "behaviorHash": "e1b537472e593fd6ea913513dbc2191b7b9a9a4f8ca9e8ebe69eec17f9eabf91"
      }
    },
    "BuyerRole": {
      "version": "0.1.0",
      "fingerprints": {
        "playsHash": "d974905d48678b3804bca9192b875e0197191cb229586a7ba71fc156582a9b4a",
        "behaviorHash": "e1b537472e593fd6ea913513dbc2191b7b9a9a4f8ca9e8ebe69eec17f9eabf91"
      }
    }
  }
}
